// !$*UTF8*$!
{
	archiveVersion = 1;
	classes = {
	};
	objectVersion = 53;
	objects = {

/* Begin PBXBuildFile section */
		AB05D27129E453D400F9EDDE /* LuasWatchAppIntentExtension.swift in Sources */ = {isa = PBXBuildFile; fileRef = AB05D27029E453D400F9EDDE /* LuasWatchAppIntentExtension.swift */; };
		AB05D27329E453D400F9EDDE /* LuasWatchAppIntent.swift in Sources */ = {isa = PBXBuildFile; fileRef = AB05D27229E453D400F9EDDE /* LuasWatchAppIntent.swift */; };
		AB05D27729E453D400F9EDDE /* LuasWatchAppIntent.appex in Embed ExtensionKit Extensions */ = {isa = PBXBuildFile; fileRef = AB05D26E29E453D400F9EDDE /* LuasWatchAppIntent.appex */; settings = {ATTRIBUTES = (RemoveHeadersOnCopy, ); }; };
		AB05D28229E4549E00F9EDDE /* JSON in Resources */ = {isa = PBXBuildFile; fileRef = AB05D28129E4549E00F9EDDE /* JSON */; };
		AB22502A24DF650700ADA854 /* MyUserDefaults.swift in Sources */ = {isa = PBXBuildFile; fileRef = AB22502924DF650700ADA854 /* MyUserDefaults.swift */; };
		AB22502B24DF650D00ADA854 /* MyUserDefaults.swift in Sources */ = {isa = PBXBuildFile; fileRef = AB22502924DF650700ADA854 /* MyUserDefaults.swift */; };
		AB2E18BD253C61580006F615 /* API.swift in Sources */ = {isa = PBXBuildFile; fileRef = AB50E3CA250D394800BFA30F /* API.swift */; };
		AB2E18C3253C61600006F615 /* APIParser.swift in Sources */ = {isa = PBXBuildFile; fileRef = AB50E3CC250D394800BFA30F /* APIParser.swift */; };
		AB2E18C9253C61690006F615 /* Parser.swift in Sources */ = {isa = PBXBuildFile; fileRef = AB50E3CB250D394800BFA30F /* Parser.swift */; };
		AB2FE65A2A101DA500814E5F /* LuasWatchApp.swift in Sources */ = {isa = PBXBuildFile; fileRef = AB2FE6592A101DA500814E5F /* LuasWatchApp.swift */; };
		AB2FE65E2A101DA600814E5F /* Assets.xcassets in Resources */ = {isa = PBXBuildFile; fileRef = AB2FE65D2A101DA600814E5F /* Assets.xcassets */; };
		AB2FE6612A101DA600814E5F /* Preview Assets.xcassets in Resources */ = {isa = PBXBuildFile; fileRef = AB2FE6602A101DA600814E5F /* Preview Assets.xcassets */; };
		AB2FE66B2A101DA600814E5F /* LuasWatch_Watch_AppTests.swift in Sources */ = {isa = PBXBuildFile; fileRef = AB2FE66A2A101DA600814E5F /* LuasWatch_Watch_AppTests.swift */; };
		AB2FE6752A101DA600814E5F /* LuasWatch_Watch_AppUITests.swift in Sources */ = {isa = PBXBuildFile; fileRef = AB2FE6742A101DA600814E5F /* LuasWatch_Watch_AppUITests.swift */; };
		AB2FE6772A101DA600814E5F /* LuasWatch_Watch_AppUITestsLaunchTests.swift in Sources */ = {isa = PBXBuildFile; fileRef = AB2FE6762A101DA600814E5F /* LuasWatch_Watch_AppUITestsLaunchTests.swift */; };
		AB2FE67A2A101DA600814E5F /* LuasWatch Watch App.app in Embed Watch Content */ = {isa = PBXBuildFile; fileRef = AB2FE6572A101DA500814E5F /* LuasWatch Watch App.app */; settings = {ATTRIBUTES = (RemoveHeadersOnCopy, ); }; };
		AB2FE6932A102BD700814E5F /* PreviewsStationsModal.swift in Sources */ = {isa = PBXBuildFile; fileRef = AB2FE6862A102BD700814E5F /* PreviewsStationsModal.swift */; };
		AB2FE6942A102BD700814E5F /* PreviewsData.swift in Sources */ = {isa = PBXBuildFile; fileRef = AB2FE6872A102BD700814E5F /* PreviewsData.swift */; };
		AB2FE6952A102BD700814E5F /* PreviewsTapOverlay.swift in Sources */ = {isa = PBXBuildFile; fileRef = AB2FE6882A102BD700814E5F /* PreviewsTapOverlay.swift */; };
		AB2FE6962A102BD700814E5F /* PreviewsAppStartup.swift in Sources */ = {isa = PBXBuildFile; fileRef = AB2FE6892A102BD700814E5F /* PreviewsAppStartup.swift */; };
		AB2FE6972A102BD700814E5F /* PreviewsAppResult.swift in Sources */ = {isa = PBXBuildFile; fileRef = AB2FE68A2A102BD700814E5F /* PreviewsAppResult.swift */; };
		AB2FE6982A102BD700814E5F /* PreviewsAppRunning.swift in Sources */ = {isa = PBXBuildFile; fileRef = AB2FE68B2A102BD700814E5F /* PreviewsAppRunning.swift */; };
		AB2FE6992A102BD700814E5F /* LoadingAnimationView.swift in Sources */ = {isa = PBXBuildFile; fileRef = AB2FE68D2A102BD700814E5F /* LoadingAnimationView.swift */; };
		AB2FE69A2A102BD700814E5F /* TrainsListView.swift in Sources */ = {isa = PBXBuildFile; fileRef = AB2FE68E2A102BD700814E5F /* TrainsListView.swift */; };
		AB2FE69B2A102BD700814E5F /* HeaderView.swift in Sources */ = {isa = PBXBuildFile; fileRef = AB2FE68F2A102BD700814E5F /* HeaderView.swift */; };
		AB2FE69C2A102BD700814E5F /* ChangeStationButton.swift in Sources */ = {isa = PBXBuildFile; fileRef = AB2FE6902A102BD700814E5F /* ChangeStationButton.swift */; };
		AB2FE69D2A102BD700814E5F /* TapOverlayView.swift in Sources */ = {isa = PBXBuildFile; fileRef = AB2FE6912A102BD700814E5F /* TapOverlayView.swift */; };
		AB2FE69E2A102BD700814E5F /* LuasView.swift in Sources */ = {isa = PBXBuildFile; fileRef = AB2FE6922A102BD700814E5F /* LuasView.swift */; };
		AB2FE6A22A102D1900814E5F /* Coordinator.swift in Sources */ = {isa = PBXBuildFile; fileRef = AB2FE6A02A102D1900814E5F /* Coordinator.swift */; };
		AB2FE6A32A102E6A00814E5F /* LuasKit.framework in Frameworks */ = {isa = PBXBuildFile; fileRef = AB57F0DD230B3C1900BA8B53 /* LuasKit.framework */; };
		AB2FE6A42A102E6A00814E5F /* LuasKit.framework in Embed Frameworks */ = {isa = PBXBuildFile; fileRef = AB57F0DD230B3C1900BA8B53 /* LuasKit.framework */; settings = {ATTRIBUTES = (CodeSignOnCopy, RemoveHeadersOnCopy, ); }; };
		AB2FE6A92A1031BB00814E5F /* PreviewsData.swift in Sources */ = {isa = PBXBuildFile; fileRef = AB2FE6872A102BD700814E5F /* PreviewsData.swift */; };
		AB33DB4C2A253E0E0059E134 /* ChangeStationButton.swift in Sources */ = {isa = PBXBuildFile; fileRef = AB33DB4B2A253E0E0059E134 /* ChangeStationButton.swift */; };
		AB33DB4E2A2543430059E134 /* PreviewsButtons.swift in Sources */ = {isa = PBXBuildFile; fileRef = AB33DB4D2A2543430059E134 /* PreviewsButtons.swift */; };
		AB33DB502A2545790059E134 /* Buttons.swift in Sources */ = {isa = PBXBuildFile; fileRef = AB33DB4F2A2545790059E134 /* Buttons.swift */; };
		AB3E8BDD29E3078800F1AC7B /* LuasWatchiOSApp.swift in Sources */ = {isa = PBXBuildFile; fileRef = AB3E8BDC29E3078800F1AC7B /* LuasWatchiOSApp.swift */; };
		AB3E8BE129E3078900F1AC7B /* Assets.xcassets in Resources */ = {isa = PBXBuildFile; fileRef = AB3E8BE029E3078900F1AC7B /* Assets.xcassets */; };
		AB3E8BE429E3078900F1AC7B /* Preview Assets.xcassets in Resources */ = {isa = PBXBuildFile; fileRef = AB3E8BE329E3078900F1AC7B /* Preview Assets.xcassets */; };
		AB50E3CD250D394800BFA30F /* API.swift in Sources */ = {isa = PBXBuildFile; fileRef = AB50E3CA250D394800BFA30F /* API.swift */; };
		AB50E3CE250D394800BFA30F /* Parser.swift in Sources */ = {isa = PBXBuildFile; fileRef = AB50E3CB250D394800BFA30F /* Parser.swift */; };
		AB50E3CF250D394800BFA30F /* APIParser.swift in Sources */ = {isa = PBXBuildFile; fileRef = AB50E3CC250D394800BFA30F /* APIParser.swift */; };
		AB55742823770C48007778DC /* Logging.swift in Sources */ = {isa = PBXBuildFile; fileRef = AB55742723770C48007778DC /* Logging.swift */; };
		AB57F0E1230B3C1900BA8B53 /* LuasKit.h in Headers */ = {isa = PBXBuildFile; fileRef = AB57F0DF230B3C1900BA8B53 /* LuasKit.h */; settings = {ATTRIBUTES = (Public, ); }; };
		AB57F0EA230B3C3F00BA8B53 /* TrainsByDirection.swift in Sources */ = {isa = PBXBuildFile; fileRef = AB364D342308281000C73EF6 /* TrainsByDirection.swift */; };
		AB57F0EB230B3C3F00BA8B53 /* Location.swift in Sources */ = {isa = PBXBuildFile; fileRef = AB364D392308281100C73EF6 /* Location.swift */; };
		AB57F0ED230B3C8600BA8B53 /* AppState.swift in Sources */ = {isa = PBXBuildFile; fileRef = AB364D382308281100C73EF6 /* AppState.swift */; };
		AB57F11D230B432E00BA8B53 /* LuasKit.h in Headers */ = {isa = PBXBuildFile; fileRef = AB57F0DF230B3C1900BA8B53 /* LuasKit.h */; settings = {ATTRIBUTES = (Public, ); }; };
		AB57F11F230B432E00BA8B53 /* Location.swift in Sources */ = {isa = PBXBuildFile; fileRef = AB364D392308281100C73EF6 /* Location.swift */; };
		AB57F121230B432E00BA8B53 /* TrainsByDirection.swift in Sources */ = {isa = PBXBuildFile; fileRef = AB364D342308281000C73EF6 /* TrainsByDirection.swift */; };
		AB57F122230B432E00BA8B53 /* AppState.swift in Sources */ = {isa = PBXBuildFile; fileRef = AB364D382308281100C73EF6 /* AppState.swift */; };
		AB57F133230B43AA00BA8B53 /* LuasKitIOS.framework in Frameworks */ = {isa = PBXBuildFile; fileRef = AB57F128230B432E00BA8B53 /* LuasKitIOS.framework */; };
		AB5EE5D429E45A5300896798 /* ModelsTests.swift in Sources */ = {isa = PBXBuildFile; fileRef = AB5EE5D329E45A5300896798 /* ModelsTests.swift */; };
		AB5EE5D629E45DCF00896798 /* SnapshotTests.swift in Sources */ = {isa = PBXBuildFile; fileRef = AB5EE5D529E45DCF00896798 /* SnapshotTests.swift */; };
		AB5EE5D829E45E5B00896798 /* TestDefinitions.swift in Sources */ = {isa = PBXBuildFile; fileRef = AB5EE5D729E45E5B00896798 /* TestDefinitions.swift */; };
		AB6BF95229F5D0F500CB4DAD /* Route.swift in Sources */ = {isa = PBXBuildFile; fileRef = AB6BF95129F5D0F500CB4DAD /* Route.swift */; };
		AB6BF95429F5D10C00CB4DAD /* Train.swift in Sources */ = {isa = PBXBuildFile; fileRef = AB6BF95329F5D10C00CB4DAD /* Train.swift */; };
		AB6BF95629F5D13300CB4DAD /* TrainStation.swift in Sources */ = {isa = PBXBuildFile; fileRef = AB6BF95529F5D13300CB4DAD /* TrainStation.swift */; };
		AB6BF95729F5D13B00CB4DAD /* Route.swift in Sources */ = {isa = PBXBuildFile; fileRef = AB6BF95129F5D0F500CB4DAD /* Route.swift */; };
		AB6BF95829F5D14000CB4DAD /* Train.swift in Sources */ = {isa = PBXBuildFile; fileRef = AB6BF95329F5D10C00CB4DAD /* Train.swift */; };
		AB6BF95929F5D14400CB4DAD /* TrainStation.swift in Sources */ = {isa = PBXBuildFile; fileRef = AB6BF95529F5D13300CB4DAD /* TrainStation.swift */; };
		AB6BF95B29F5D15E00CB4DAD /* TrainStations.swift in Sources */ = {isa = PBXBuildFile; fileRef = AB6BF95A29F5D15E00CB4DAD /* TrainStations.swift */; };
		AB6BF95C29F5D1DC00CB4DAD /* TrainStations.swift in Sources */ = {isa = PBXBuildFile; fileRef = AB6BF95A29F5D15E00CB4DAD /* TrainStations.swift */; };
		AB6EF01429E4C199008CDAD2 /* AppIntents.framework in Frameworks */ = {isa = PBXBuildFile; fileRef = AB6EF01329E4C199008CDAD2 /* AppIntents.framework */; };
		AB832B25232058BF005E1BB7 /* LuasStrings.swift in Sources */ = {isa = PBXBuildFile; fileRef = AB832B24232058BF005E1BB7 /* LuasStrings.swift */; };
		AB832B26232058BF005E1BB7 /* LuasStrings.swift in Sources */ = {isa = PBXBuildFile; fileRef = AB832B24232058BF005E1BB7 /* LuasStrings.swift */; };
		AB8B51372A10FCFC003B586B /* WidgetKit.framework in Frameworks */ = {isa = PBXBuildFile; fileRef = AB8B51362A10FCFC003B586B /* WidgetKit.framework */; };
		AB8B51392A10FCFC003B586B /* SwiftUI.framework in Frameworks */ = {isa = PBXBuildFile; fileRef = AB8B51382A10FCFC003B586B /* SwiftUI.framework */; };
		AB8B513C2A10FCFC003B586B /* LuasWatchComplications.swift in Sources */ = {isa = PBXBuildFile; fileRef = AB8B513B2A10FCFC003B586B /* LuasWatchComplications.swift */; };
		AB8B513E2A10FCFC003B586B /* Assets.xcassets in Resources */ = {isa = PBXBuildFile; fileRef = AB8B513D2A10FCFC003B586B /* Assets.xcassets */; };
		AB8B51432A10FCFC003B586B /* LuasWatchComplicationsExtension.appex in Embed Foundation Extensions */ = {isa = PBXBuildFile; fileRef = AB8B51352A10FCFC003B586B /* LuasWatchComplicationsExtension.appex */; settings = {ATTRIBUTES = (RemoveHeadersOnCopy, ); }; };
		AB8B51472A110BC7003B586B /* LuasKitIOS.framework in Frameworks */ = {isa = PBXBuildFile; fileRef = AB57F128230B432E00BA8B53 /* LuasKitIOS.framework */; };
		ABAED72824DF61AF006FE91C /* Logging.swift in Sources */ = {isa = PBXBuildFile; fileRef = AB55742723770C48007778DC /* Logging.swift */; };
		ABC02D3A29EB60D7008E175C /* ParserTests.swift in Sources */ = {isa = PBXBuildFile; fileRef = ABC02D3929EB60D7008E175C /* ParserTests.swift */; };
		ABC25BF324DF676A00F51EB4 /* APITests.swift in Sources */ = {isa = PBXBuildFile; fileRef = ABC25BF224DF676A00F51EB4 /* APITests.swift */; };
		ABC4BE882A08462A005DFFAF /* Coordinator.swift in Sources */ = {isa = PBXBuildFile; fileRef = ABC4BE872A08462A005DFFAF /* Coordinator.swift */; };
		ABC4BE8A2A084981005DFFAF /* luasStops.json in Resources */ = {isa = PBXBuildFile; fileRef = ABC4BE892A084981005DFFAF /* luasStops.json */; };
		ABC4BE8B2A084981005DFFAF /* luasStops.json in Resources */ = {isa = PBXBuildFile; fileRef = ABC4BE892A084981005DFFAF /* luasStops.json */; };
		ABC4BE8E2A085A9F005DFFAF /* PreviewsAppResult.swift in Sources */ = {isa = PBXBuildFile; fileRef = ABC4BE8D2A085A9F005DFFAF /* PreviewsAppResult.swift */; };
		ABC4BE932A085C1B005DFFAF /* LoadingAnimationView.swift in Sources */ = {isa = PBXBuildFile; fileRef = ABC4BE912A085C1B005DFFAF /* LoadingAnimationView.swift */; };
		ABC4BE942A085C1B005DFFAF /* LuasView.swift in Sources */ = {isa = PBXBuildFile; fileRef = ABC4BE922A085C1B005DFFAF /* LuasView.swift */; };
		ABC4BE962A085C61005DFFAF /* PreviewsAppStartup.swift in Sources */ = {isa = PBXBuildFile; fileRef = ABC4BE952A085C61005DFFAF /* PreviewsAppStartup.swift */; };
		ABC4BE982A085D0C005DFFAF /* HeaderView.swift in Sources */ = {isa = PBXBuildFile; fileRef = ABC4BE972A085D0C005DFFAF /* HeaderView.swift */; };
		ABC4BE9A2A085D11005DFFAF /* TrainsListView.swift in Sources */ = {isa = PBXBuildFile; fileRef = ABC4BE992A085D11005DFFAF /* TrainsListView.swift */; };
		ABC4BE9C2A085E39005DFFAF /* PreviewsAppRunning.swift in Sources */ = {isa = PBXBuildFile; fileRef = ABC4BE9B2A085E39005DFFAF /* PreviewsAppRunning.swift */; };
		ABC94AAF2A50BB7E006D3E30 /* GrantLocationAuthView.swift in Sources */ = {isa = PBXBuildFile; fileRef = ABC94AAE2A50BB7E006D3E30 /* GrantLocationAuthView.swift */; };
		ABDACEBF2A19645300A9FB63 /* LuasKitIOS.framework in Frameworks */ = {isa = PBXBuildFile; fileRef = AB57F128230B432E00BA8B53 /* LuasKitIOS.framework */; };
		ABDACEC02A19645300A9FB63 /* LuasKitIOS.framework in Embed Frameworks */ = {isa = PBXBuildFile; fileRef = AB57F128230B432E00BA8B53 /* LuasKitIOS.framework */; settings = {ATTRIBUTES = (CodeSignOnCopy, RemoveHeadersOnCopy, ); }; };
		ABE5585A24E944C1008F3789 /* Direction.swift in Sources */ = {isa = PBXBuildFile; fileRef = ABE5585924E944C1008F3789 /* Direction.swift */; };
		ABE70E3624E95C0700CF0653 /* Direction.swift in Sources */ = {isa = PBXBuildFile; fileRef = ABE5585924E944C1008F3789 /* Direction.swift */; };
		ABF215EB29EA1CBA00B1A77F /* LuasMockAPI.swift in Sources */ = {isa = PBXBuildFile; fileRef = ABF215EA29EA1CBA00B1A77F /* LuasMockAPI.swift */; };
		ABF215EC29EA1D0E00B1A77F /* LuasMockAPI.swift in Sources */ = {isa = PBXBuildFile; fileRef = ABF215EA29EA1CBA00B1A77F /* LuasMockAPI.swift */; };
		ABFB67BF2359122800906CD6 /* LuasExtensions.swift in Sources */ = {isa = PBXBuildFile; fileRef = ABFB67BE2359122800906CD6 /* LuasExtensions.swift */; };
		ABFB67C02359122800906CD6 /* LuasExtensions.swift in Sources */ = {isa = PBXBuildFile; fileRef = ABFB67BE2359122800906CD6 /* LuasExtensions.swift */; };
/* End PBXBuildFile section */

/* Begin PBXContainerItemProxy section */
		AB05D27529E453D400F9EDDE /* PBXContainerItemProxy */ = {
			isa = PBXContainerItemProxy;
			containerPortal = AB364CF92308276C00C73EF6 /* Project object */;
			proxyType = 1;
			remoteGlobalIDString = AB05D26D29E453D400F9EDDE;
			remoteInfo = LuasWatchAppIntent;
		};
		AB2FE6672A101DA600814E5F /* PBXContainerItemProxy */ = {
			isa = PBXContainerItemProxy;
			containerPortal = AB364CF92308276C00C73EF6 /* Project object */;
			proxyType = 1;
			remoteGlobalIDString = AB2FE6562A101DA500814E5F;
			remoteInfo = "LuasWatch Watch App";
		};
		AB2FE6712A101DA600814E5F /* PBXContainerItemProxy */ = {
			isa = PBXContainerItemProxy;
			containerPortal = AB364CF92308276C00C73EF6 /* Project object */;
			proxyType = 1;
			remoteGlobalIDString = AB2FE6562A101DA500814E5F;
			remoteInfo = "LuasWatch Watch App";
		};
		AB2FE6782A101DA600814E5F /* PBXContainerItemProxy */ = {
			isa = PBXContainerItemProxy;
			containerPortal = AB364CF92308276C00C73EF6 /* Project object */;
			proxyType = 1;
			remoteGlobalIDString = AB2FE6562A101DA500814E5F;
			remoteInfo = "LuasWatch Watch App";
		};
		AB2FE6A52A102E6A00814E5F /* PBXContainerItemProxy */ = {
			isa = PBXContainerItemProxy;
			containerPortal = AB364CF92308276C00C73EF6 /* Project object */;
			proxyType = 1;
			remoteGlobalIDString = AB57F0DC230B3C1900BA8B53;
			remoteInfo = LuasKit;
		};
		AB57F134230B43AA00BA8B53 /* PBXContainerItemProxy */ = {
			isa = PBXContainerItemProxy;
			containerPortal = AB364CF92308276C00C73EF6 /* Project object */;
			proxyType = 1;
			remoteGlobalIDString = AB57F11B230B432E00BA8B53;
			remoteInfo = LuasKitIOS;
		};
		AB60D6EF2A103E2D007BACD9 /* PBXContainerItemProxy */ = {
			isa = PBXContainerItemProxy;
			containerPortal = AB364CF92308276C00C73EF6 /* Project object */;
			proxyType = 1;
			remoteGlobalIDString = AB57F11B230B432E00BA8B53;
			remoteInfo = LuasKitIOS;
		};
		AB8B51402A10FCFC003B586B /* PBXContainerItemProxy */ = {
			isa = PBXContainerItemProxy;
			containerPortal = AB364CF92308276C00C73EF6 /* Project object */;
			proxyType = 1;
			remoteGlobalIDString = AB8B51342A10FCFC003B586B;
			remoteInfo = LuasWatchComplicationsExtension;
		};
		ABDACEC12A19645300A9FB63 /* PBXContainerItemProxy */ = {
			isa = PBXContainerItemProxy;
			containerPortal = AB364CF92308276C00C73EF6 /* Project object */;
			proxyType = 1;
			remoteGlobalIDString = AB57F11B230B432E00BA8B53;
			remoteInfo = LuasKitIOS;
		};
/* End PBXContainerItemProxy section */

/* Begin PBXCopyFilesBuildPhase section */
		AB05D27829E453D400F9EDDE /* Embed ExtensionKit Extensions */ = {
			isa = PBXCopyFilesBuildPhase;
			buildActionMask = 2147483647;
			dstPath = "$(EXTENSIONS_FOLDER_PATH)";
			dstSubfolderSpec = 16;
			files = (
				AB05D27729E453D400F9EDDE /* LuasWatchAppIntent.appex in Embed ExtensionKit Extensions */,
			);
			name = "Embed ExtensionKit Extensions";
			runOnlyForDeploymentPostprocessing = 0;
		};
		AB2FE67B2A101DA600814E5F /* Embed Watch Content */ = {
			isa = PBXCopyFilesBuildPhase;
			buildActionMask = 2147483647;
			dstPath = "$(CONTENTS_FOLDER_PATH)/Watch";
			dstSubfolderSpec = 16;
			files = (
				AB2FE67A2A101DA600814E5F /* LuasWatch Watch App.app in Embed Watch Content */,
			);
			name = "Embed Watch Content";
			runOnlyForDeploymentPostprocessing = 0;
		};
		AB2FE6A72A102E6A00814E5F /* Embed Frameworks */ = {
			isa = PBXCopyFilesBuildPhase;
			buildActionMask = 2147483647;
			dstPath = "";
			dstSubfolderSpec = 10;
			files = (
				AB2FE6A42A102E6A00814E5F /* LuasKit.framework in Embed Frameworks */,
			);
			name = "Embed Frameworks";
			runOnlyForDeploymentPostprocessing = 0;
		};
		AB8B51422A10FCFC003B586B /* Embed Foundation Extensions */ = {
			isa = PBXCopyFilesBuildPhase;
			buildActionMask = 2147483647;
			dstPath = "";
			dstSubfolderSpec = 13;
			files = (
				AB8B51432A10FCFC003B586B /* LuasWatchComplicationsExtension.appex in Embed Foundation Extensions */,
			);
			name = "Embed Foundation Extensions";
			runOnlyForDeploymentPostprocessing = 0;
		};
		ABDACEC32A19645300A9FB63 /* Embed Frameworks */ = {
			isa = PBXCopyFilesBuildPhase;
			buildActionMask = 2147483647;
			dstPath = "";
			dstSubfolderSpec = 10;
			files = (
				ABDACEC02A19645300A9FB63 /* LuasKitIOS.framework in Embed Frameworks */,
			);
			name = "Embed Frameworks";
			runOnlyForDeploymentPostprocessing = 0;
		};
/* End PBXCopyFilesBuildPhase section */

/* Begin PBXFileReference section */
		AB05D26E29E453D400F9EDDE /* LuasWatchAppIntent.appex */ = {isa = PBXFileReference; explicitFileType = "wrapper.extensionkit-extension"; includeInIndex = 0; path = LuasWatchAppIntent.appex; sourceTree = BUILT_PRODUCTS_DIR; };
		AB05D27029E453D400F9EDDE /* LuasWatchAppIntentExtension.swift */ = {isa = PBXFileReference; lastKnownFileType = sourcecode.swift; path = LuasWatchAppIntentExtension.swift; sourceTree = "<group>"; };
		AB05D27229E453D400F9EDDE /* LuasWatchAppIntent.swift */ = {isa = PBXFileReference; lastKnownFileType = sourcecode.swift; path = LuasWatchAppIntent.swift; sourceTree = "<group>"; };
		AB05D27429E453D400F9EDDE /* Info.plist */ = {isa = PBXFileReference; lastKnownFileType = text.plist.xml; path = Info.plist; sourceTree = "<group>"; };
		AB05D28129E4549E00F9EDDE /* JSON */ = {isa = PBXFileReference; lastKnownFileType = folder; path = JSON; sourceTree = "<group>"; };
		AB22502924DF650700ADA854 /* MyUserDefaults.swift */ = {isa = PBXFileReference; fileEncoding = 4; lastKnownFileType = sourcecode.swift; path = MyUserDefaults.swift; sourceTree = "<group>"; };
		AB2FE6572A101DA500814E5F /* LuasWatch Watch App.app */ = {isa = PBXFileReference; explicitFileType = wrapper.application; includeInIndex = 0; path = "LuasWatch Watch App.app"; sourceTree = BUILT_PRODUCTS_DIR; };
		AB2FE6592A101DA500814E5F /* LuasWatchApp.swift */ = {isa = PBXFileReference; lastKnownFileType = sourcecode.swift; path = LuasWatchApp.swift; sourceTree = "<group>"; };
		AB2FE65D2A101DA600814E5F /* Assets.xcassets */ = {isa = PBXFileReference; lastKnownFileType = folder.assetcatalog; path = Assets.xcassets; sourceTree = "<group>"; };
		AB2FE6602A101DA600814E5F /* Preview Assets.xcassets */ = {isa = PBXFileReference; lastKnownFileType = folder.assetcatalog; path = "Preview Assets.xcassets"; sourceTree = "<group>"; };
		AB2FE6662A101DA600814E5F /* LuasWatch Watch AppTests.xctest */ = {isa = PBXFileReference; explicitFileType = wrapper.cfbundle; includeInIndex = 0; path = "LuasWatch Watch AppTests.xctest"; sourceTree = BUILT_PRODUCTS_DIR; };
		AB2FE66A2A101DA600814E5F /* LuasWatch_Watch_AppTests.swift */ = {isa = PBXFileReference; lastKnownFileType = sourcecode.swift; path = LuasWatch_Watch_AppTests.swift; sourceTree = "<group>"; };
		AB2FE6702A101DA600814E5F /* LuasWatch Watch AppUITests.xctest */ = {isa = PBXFileReference; explicitFileType = wrapper.cfbundle; includeInIndex = 0; path = "LuasWatch Watch AppUITests.xctest"; sourceTree = BUILT_PRODUCTS_DIR; };
		AB2FE6742A101DA600814E5F /* LuasWatch_Watch_AppUITests.swift */ = {isa = PBXFileReference; lastKnownFileType = sourcecode.swift; path = LuasWatch_Watch_AppUITests.swift; sourceTree = "<group>"; };
		AB2FE6762A101DA600814E5F /* LuasWatch_Watch_AppUITestsLaunchTests.swift */ = {isa = PBXFileReference; lastKnownFileType = sourcecode.swift; path = LuasWatch_Watch_AppUITestsLaunchTests.swift; sourceTree = "<group>"; };
		AB2FE6862A102BD700814E5F /* PreviewsStationsModal.swift */ = {isa = PBXFileReference; fileEncoding = 4; lastKnownFileType = sourcecode.swift; path = PreviewsStationsModal.swift; sourceTree = "<group>"; };
		AB2FE6872A102BD700814E5F /* PreviewsData.swift */ = {isa = PBXFileReference; fileEncoding = 4; lastKnownFileType = sourcecode.swift; path = PreviewsData.swift; sourceTree = "<group>"; };
		AB2FE6882A102BD700814E5F /* PreviewsTapOverlay.swift */ = {isa = PBXFileReference; fileEncoding = 4; lastKnownFileType = sourcecode.swift; path = PreviewsTapOverlay.swift; sourceTree = "<group>"; };
		AB2FE6892A102BD700814E5F /* PreviewsAppStartup.swift */ = {isa = PBXFileReference; fileEncoding = 4; lastKnownFileType = sourcecode.swift; path = PreviewsAppStartup.swift; sourceTree = "<group>"; };
		AB2FE68A2A102BD700814E5F /* PreviewsAppResult.swift */ = {isa = PBXFileReference; fileEncoding = 4; lastKnownFileType = sourcecode.swift; path = PreviewsAppResult.swift; sourceTree = "<group>"; };
		AB2FE68B2A102BD700814E5F /* PreviewsAppRunning.swift */ = {isa = PBXFileReference; fileEncoding = 4; lastKnownFileType = sourcecode.swift; path = PreviewsAppRunning.swift; sourceTree = "<group>"; };
		AB2FE68D2A102BD700814E5F /* LoadingAnimationView.swift */ = {isa = PBXFileReference; fileEncoding = 4; lastKnownFileType = sourcecode.swift; path = LoadingAnimationView.swift; sourceTree = "<group>"; };
		AB2FE68E2A102BD700814E5F /* TrainsListView.swift */ = {isa = PBXFileReference; fileEncoding = 4; lastKnownFileType = sourcecode.swift; path = TrainsListView.swift; sourceTree = "<group>"; };
		AB2FE68F2A102BD700814E5F /* HeaderView.swift */ = {isa = PBXFileReference; fileEncoding = 4; lastKnownFileType = sourcecode.swift; path = HeaderView.swift; sourceTree = "<group>"; };
		AB2FE6902A102BD700814E5F /* ChangeStationButton.swift */ = {isa = PBXFileReference; fileEncoding = 4; lastKnownFileType = sourcecode.swift; path = ChangeStationButton.swift; sourceTree = "<group>"; };
		AB2FE6912A102BD700814E5F /* TapOverlayView.swift */ = {isa = PBXFileReference; fileEncoding = 4; lastKnownFileType = sourcecode.swift; path = TapOverlayView.swift; sourceTree = "<group>"; };
		AB2FE6922A102BD700814E5F /* LuasView.swift */ = {isa = PBXFileReference; fileEncoding = 4; lastKnownFileType = sourcecode.swift; path = LuasView.swift; sourceTree = "<group>"; };
		AB2FE6A02A102D1900814E5F /* Coordinator.swift */ = {isa = PBXFileReference; fileEncoding = 4; lastKnownFileType = sourcecode.swift; path = Coordinator.swift; sourceTree = "<group>"; };
		AB33DB4B2A253E0E0059E134 /* ChangeStationButton.swift */ = {isa = PBXFileReference; fileEncoding = 4; lastKnownFileType = sourcecode.swift; path = ChangeStationButton.swift; sourceTree = "<group>"; };
		AB33DB4D2A2543430059E134 /* PreviewsButtons.swift */ = {isa = PBXFileReference; lastKnownFileType = sourcecode.swift; path = PreviewsButtons.swift; sourceTree = "<group>"; };
		AB33DB4F2A2545790059E134 /* Buttons.swift */ = {isa = PBXFileReference; lastKnownFileType = sourcecode.swift; path = Buttons.swift; sourceTree = "<group>"; };
		AB364D342308281000C73EF6 /* TrainsByDirection.swift */ = {isa = PBXFileReference; fileEncoding = 4; lastKnownFileType = sourcecode.swift; path = TrainsByDirection.swift; sourceTree = "<group>"; };
		AB364D382308281100C73EF6 /* AppState.swift */ = {isa = PBXFileReference; fileEncoding = 4; lastKnownFileType = sourcecode.swift; path = AppState.swift; sourceTree = "<group>"; };
		AB364D392308281100C73EF6 /* Location.swift */ = {isa = PBXFileReference; fileEncoding = 4; lastKnownFileType = sourcecode.swift; path = Location.swift; sourceTree = "<group>"; };
		AB3E8BDA29E3078800F1AC7B /* LuasWatchiOS.app */ = {isa = PBXFileReference; explicitFileType = wrapper.application; includeInIndex = 0; path = LuasWatchiOS.app; sourceTree = BUILT_PRODUCTS_DIR; };
		AB3E8BDC29E3078800F1AC7B /* LuasWatchiOSApp.swift */ = {isa = PBXFileReference; lastKnownFileType = sourcecode.swift; path = LuasWatchiOSApp.swift; sourceTree = "<group>"; };
		AB3E8BE029E3078900F1AC7B /* Assets.xcassets */ = {isa = PBXFileReference; lastKnownFileType = folder.assetcatalog; path = Assets.xcassets; sourceTree = "<group>"; };
		AB3E8BE329E3078900F1AC7B /* Preview Assets.xcassets */ = {isa = PBXFileReference; lastKnownFileType = folder.assetcatalog; path = "Preview Assets.xcassets"; sourceTree = "<group>"; };
		AB50E3CA250D394800BFA30F /* API.swift */ = {isa = PBXFileReference; fileEncoding = 4; lastKnownFileType = sourcecode.swift; path = API.swift; sourceTree = "<group>"; };
		AB50E3CB250D394800BFA30F /* Parser.swift */ = {isa = PBXFileReference; fileEncoding = 4; lastKnownFileType = sourcecode.swift; path = Parser.swift; sourceTree = "<group>"; };
		AB50E3CC250D394800BFA30F /* APIParser.swift */ = {isa = PBXFileReference; fileEncoding = 4; lastKnownFileType = sourcecode.swift; path = APIParser.swift; sourceTree = "<group>"; };
		AB55742723770C48007778DC /* Logging.swift */ = {isa = PBXFileReference; lastKnownFileType = sourcecode.swift; path = Logging.swift; sourceTree = "<group>"; };
		AB57F0DD230B3C1900BA8B53 /* LuasKit.framework */ = {isa = PBXFileReference; explicitFileType = wrapper.framework; includeInIndex = 0; path = LuasKit.framework; sourceTree = BUILT_PRODUCTS_DIR; };
		AB57F0DF230B3C1900BA8B53 /* LuasKit.h */ = {isa = PBXFileReference; lastKnownFileType = sourcecode.c.h; path = LuasKit.h; sourceTree = "<group>"; };
		AB57F0E0230B3C1900BA8B53 /* Info.plist */ = {isa = PBXFileReference; lastKnownFileType = text.plist.xml; path = Info.plist; sourceTree = "<group>"; };
		AB57F128230B432E00BA8B53 /* LuasKitIOS.framework */ = {isa = PBXFileReference; explicitFileType = wrapper.framework; includeInIndex = 0; path = LuasKitIOS.framework; sourceTree = BUILT_PRODUCTS_DIR; };
		AB57F129230B432F00BA8B53 /* LuasKitIOS-Info.plist */ = {isa = PBXFileReference; lastKnownFileType = text.plist.xml; name = "LuasKitIOS-Info.plist"; path = "/Users/rolandg/src/LuasWatch/LuasKitIOS-Info.plist"; sourceTree = "<absolute>"; };
		AB57F12E230B43AA00BA8B53 /* LuasKitIOSTests.xctest */ = {isa = PBXFileReference; explicitFileType = wrapper.cfbundle; includeInIndex = 0; path = LuasKitIOSTests.xctest; sourceTree = BUILT_PRODUCTS_DIR; };
		AB57F132230B43AA00BA8B53 /* Info.plist */ = {isa = PBXFileReference; lastKnownFileType = text.plist.xml; path = Info.plist; sourceTree = "<group>"; };
		AB5EE5D329E45A5300896798 /* ModelsTests.swift */ = {isa = PBXFileReference; lastKnownFileType = sourcecode.swift; path = ModelsTests.swift; sourceTree = "<group>"; };
		AB5EE5D529E45DCF00896798 /* SnapshotTests.swift */ = {isa = PBXFileReference; lastKnownFileType = sourcecode.swift; path = SnapshotTests.swift; sourceTree = "<group>"; };
		AB5EE5D729E45E5B00896798 /* TestDefinitions.swift */ = {isa = PBXFileReference; lastKnownFileType = sourcecode.swift; path = TestDefinitions.swift; sourceTree = "<group>"; };
		AB6BF95129F5D0F500CB4DAD /* Route.swift */ = {isa = PBXFileReference; lastKnownFileType = sourcecode.swift; path = Route.swift; sourceTree = "<group>"; };
		AB6BF95329F5D10C00CB4DAD /* Train.swift */ = {isa = PBXFileReference; lastKnownFileType = sourcecode.swift; path = Train.swift; sourceTree = "<group>"; };
		AB6BF95529F5D13300CB4DAD /* TrainStation.swift */ = {isa = PBXFileReference; lastKnownFileType = sourcecode.swift; path = TrainStation.swift; sourceTree = "<group>"; };
		AB6BF95A29F5D15E00CB4DAD /* TrainStations.swift */ = {isa = PBXFileReference; lastKnownFileType = sourcecode.swift; path = TrainStations.swift; sourceTree = "<group>"; };
		AB6EF00929E4BC58008CDAD2 /* Info.plist */ = {isa = PBXFileReference; lastKnownFileType = text.plist; path = Info.plist; sourceTree = "<group>"; };
		AB6EF01329E4C199008CDAD2 /* AppIntents.framework */ = {isa = PBXFileReference; lastKnownFileType = wrapper.framework; name = AppIntents.framework; path = Platforms/MacOSX.platform/Developer/SDKs/MacOSX13.3.sdk/System/Library/Frameworks/AppIntents.framework; sourceTree = DEVELOPER_DIR; };
		AB832B24232058BF005E1BB7 /* LuasStrings.swift */ = {isa = PBXFileReference; fileEncoding = 4; lastKnownFileType = sourcecode.swift; path = LuasStrings.swift; sourceTree = "<group>"; };
		AB8B51352A10FCFC003B586B /* LuasWatchComplicationsExtension.appex */ = {isa = PBXFileReference; explicitFileType = "wrapper.app-extension"; includeInIndex = 0; path = LuasWatchComplicationsExtension.appex; sourceTree = BUILT_PRODUCTS_DIR; };
		AB8B51362A10FCFC003B586B /* WidgetKit.framework */ = {isa = PBXFileReference; lastKnownFileType = wrapper.framework; name = WidgetKit.framework; path = System/Library/Frameworks/WidgetKit.framework; sourceTree = SDKROOT; };
		AB8B51382A10FCFC003B586B /* SwiftUI.framework */ = {isa = PBXFileReference; lastKnownFileType = wrapper.framework; name = SwiftUI.framework; path = System/Library/Frameworks/SwiftUI.framework; sourceTree = SDKROOT; };
		AB8B513B2A10FCFC003B586B /* LuasWatchComplications.swift */ = {isa = PBXFileReference; lastKnownFileType = sourcecode.swift; path = LuasWatchComplications.swift; sourceTree = "<group>"; };
		AB8B513D2A10FCFC003B586B /* Assets.xcassets */ = {isa = PBXFileReference; lastKnownFileType = folder.assetcatalog; path = Assets.xcassets; sourceTree = "<group>"; };
		AB8B513F2A10FCFC003B586B /* Info.plist */ = {isa = PBXFileReference; lastKnownFileType = text.plist.xml; path = Info.plist; sourceTree = "<group>"; };
		ABAFF5B424ED58A8004DB119 /* LuasPlayground.playground */ = {isa = PBXFileReference; lastKnownFileType = file.playground; path = LuasPlayground.playground; sourceTree = "<group>"; xcLanguageSpecificationIdentifier = xcode.lang.swift; };
		ABBD74822657CCFD00D003EE /* LuasKitIOSTests.xctestplan */ = {isa = PBXFileReference; lastKnownFileType = text; name = LuasKitIOSTests.xctestplan; path = LuasWatch.xcodeproj/LuasKitIOSTests.xctestplan; sourceTree = "<group>"; };
		ABC02D3929EB60D7008E175C /* ParserTests.swift */ = {isa = PBXFileReference; lastKnownFileType = sourcecode.swift; path = ParserTests.swift; sourceTree = "<group>"; };
		ABC25BF224DF676A00F51EB4 /* APITests.swift */ = {isa = PBXFileReference; fileEncoding = 4; lastKnownFileType = sourcecode.swift; path = APITests.swift; sourceTree = "<group>"; };
		ABC4BE872A08462A005DFFAF /* Coordinator.swift */ = {isa = PBXFileReference; lastKnownFileType = sourcecode.swift; path = Coordinator.swift; sourceTree = "<group>"; };
		ABC4BE892A084981005DFFAF /* luasStops.json */ = {isa = PBXFileReference; fileEncoding = 4; lastKnownFileType = text.json; path = luasStops.json; sourceTree = "<group>"; };
		ABC4BE8D2A085A9F005DFFAF /* PreviewsAppResult.swift */ = {isa = PBXFileReference; fileEncoding = 4; lastKnownFileType = sourcecode.swift; path = PreviewsAppResult.swift; sourceTree = "<group>"; };
		ABC4BE912A085C1B005DFFAF /* LoadingAnimationView.swift */ = {isa = PBXFileReference; fileEncoding = 4; lastKnownFileType = sourcecode.swift; path = LoadingAnimationView.swift; sourceTree = "<group>"; };
		ABC4BE922A085C1B005DFFAF /* LuasView.swift */ = {isa = PBXFileReference; fileEncoding = 4; lastKnownFileType = sourcecode.swift; path = LuasView.swift; sourceTree = "<group>"; };
		ABC4BE952A085C61005DFFAF /* PreviewsAppStartup.swift */ = {isa = PBXFileReference; fileEncoding = 4; lastKnownFileType = sourcecode.swift; path = PreviewsAppStartup.swift; sourceTree = "<group>"; };
		ABC4BE972A085D0C005DFFAF /* HeaderView.swift */ = {isa = PBXFileReference; fileEncoding = 4; lastKnownFileType = sourcecode.swift; path = HeaderView.swift; sourceTree = "<group>"; };
		ABC4BE992A085D11005DFFAF /* TrainsListView.swift */ = {isa = PBXFileReference; fileEncoding = 4; lastKnownFileType = sourcecode.swift; path = TrainsListView.swift; sourceTree = "<group>"; };
		ABC4BE9B2A085E39005DFFAF /* PreviewsAppRunning.swift */ = {isa = PBXFileReference; fileEncoding = 4; lastKnownFileType = sourcecode.swift; path = PreviewsAppRunning.swift; sourceTree = "<group>"; };
		ABC94AAE2A50BB7E006D3E30 /* GrantLocationAuthView.swift */ = {isa = PBXFileReference; lastKnownFileType = sourcecode.swift; path = GrantLocationAuthView.swift; sourceTree = "<group>"; };
		ABE5585924E944C1008F3789 /* Direction.swift */ = {isa = PBXFileReference; fileEncoding = 4; lastKnownFileType = sourcecode.swift; path = Direction.swift; sourceTree = "<group>"; };
		ABF215EA29EA1CBA00B1A77F /* LuasMockAPI.swift */ = {isa = PBXFileReference; lastKnownFileType = sourcecode.swift; path = LuasMockAPI.swift; sourceTree = "<group>"; };
		ABFB67BE2359122800906CD6 /* LuasExtensions.swift */ = {isa = PBXFileReference; lastKnownFileType = sourcecode.swift; path = LuasExtensions.swift; sourceTree = "<group>"; };
/* End PBXFileReference section */

/* Begin PBXFrameworksBuildPhase section */
		AB05D26B29E453D400F9EDDE /* Frameworks */ = {
			isa = PBXFrameworksBuildPhase;
			buildActionMask = 2147483647;
			files = (
				AB8B51472A110BC7003B586B /* LuasKitIOS.framework in Frameworks */,
			);
			runOnlyForDeploymentPostprocessing = 0;
		};
		AB2FE6542A101DA500814E5F /* Frameworks */ = {
			isa = PBXFrameworksBuildPhase;
			buildActionMask = 2147483647;
			files = (
				AB2FE6A32A102E6A00814E5F /* LuasKit.framework in Frameworks */,
			);
			runOnlyForDeploymentPostprocessing = 0;
		};
		AB2FE6632A101DA600814E5F /* Frameworks */ = {
			isa = PBXFrameworksBuildPhase;
			buildActionMask = 2147483647;
			files = (
			);
			runOnlyForDeploymentPostprocessing = 0;
		};
		AB2FE66D2A101DA600814E5F /* Frameworks */ = {
			isa = PBXFrameworksBuildPhase;
			buildActionMask = 2147483647;
			files = (
			);
			runOnlyForDeploymentPostprocessing = 0;
		};
		AB3E8BD729E3078800F1AC7B /* Frameworks */ = {
			isa = PBXFrameworksBuildPhase;
			buildActionMask = 2147483647;
			files = (
				ABDACEBF2A19645300A9FB63 /* LuasKitIOS.framework in Frameworks */,
			);
			runOnlyForDeploymentPostprocessing = 0;
		};
		AB57F0DA230B3C1900BA8B53 /* Frameworks */ = {
			isa = PBXFrameworksBuildPhase;
			buildActionMask = 2147483647;
			files = (
			);
			runOnlyForDeploymentPostprocessing = 0;
		};
		AB57F123230B432E00BA8B53 /* Frameworks */ = {
			isa = PBXFrameworksBuildPhase;
			buildActionMask = 2147483647;
			files = (
				AB6EF01429E4C199008CDAD2 /* AppIntents.framework in Frameworks */,
			);
			runOnlyForDeploymentPostprocessing = 0;
		};
		AB57F12B230B43AA00BA8B53 /* Frameworks */ = {
			isa = PBXFrameworksBuildPhase;
			buildActionMask = 2147483647;
			files = (
				AB57F133230B43AA00BA8B53 /* LuasKitIOS.framework in Frameworks */,
			);
			runOnlyForDeploymentPostprocessing = 0;
		};
		AB8B51322A10FCFC003B586B /* Frameworks */ = {
			isa = PBXFrameworksBuildPhase;
			buildActionMask = 2147483647;
			files = (
				AB8B51392A10FCFC003B586B /* SwiftUI.framework in Frameworks */,
				AB8B51372A10FCFC003B586B /* WidgetKit.framework in Frameworks */,
			);
			runOnlyForDeploymentPostprocessing = 0;
		};
/* End PBXFrameworksBuildPhase section */

/* Begin PBXGroup section */
		AB05D26F29E453D400F9EDDE /* LuasWatchAppIntent */ = {
			isa = PBXGroup;
			children = (
				AB05D27029E453D400F9EDDE /* LuasWatchAppIntentExtension.swift */,
				AB05D27229E453D400F9EDDE /* LuasWatchAppIntent.swift */,
				AB05D28129E4549E00F9EDDE /* JSON */,
				AB05D27429E453D400F9EDDE /* Info.plist */,
			);
			path = LuasWatchAppIntent;
			sourceTree = "<group>";
		};
		AB15B8772686815E005BF013 /* Frameworks */ = {
			isa = PBXGroup;
			children = (
				AB6EF01329E4C199008CDAD2 /* AppIntents.framework */,
				AB8B51362A10FCFC003B586B /* WidgetKit.framework */,
				AB8B51382A10FCFC003B586B /* SwiftUI.framework */,
			);
			name = Frameworks;
			sourceTree = "<group>";
		};
		AB2FE6582A101DA500814E5F /* LuasWatch Watch App */ = {
			isa = PBXGroup;
			children = (
				AB2FE6592A101DA500814E5F /* LuasWatchApp.swift */,
				AB2FE6A02A102D1900814E5F /* Coordinator.swift */,
				AB2FE68C2A102BD700814E5F /* Views */,
				AB2FE6852A102BD700814E5F /* Previews */,
				AB2FE65D2A101DA600814E5F /* Assets.xcassets */,
				AB2FE65F2A101DA600814E5F /* Preview Content */,
			);
			path = "LuasWatch Watch App";
			sourceTree = "<group>";
		};
		AB2FE65F2A101DA600814E5F /* Preview Content */ = {
			isa = PBXGroup;
			children = (
				AB2FE6602A101DA600814E5F /* Preview Assets.xcassets */,
			);
			path = "Preview Content";
			sourceTree = "<group>";
		};
		AB2FE6692A101DA600814E5F /* LuasWatch Watch AppTests */ = {
			isa = PBXGroup;
			children = (
				AB2FE66A2A101DA600814E5F /* LuasWatch_Watch_AppTests.swift */,
			);
			path = "LuasWatch Watch AppTests";
			sourceTree = "<group>";
		};
		AB2FE6732A101DA600814E5F /* LuasWatch Watch AppUITests */ = {
			isa = PBXGroup;
			children = (
				AB2FE6742A101DA600814E5F /* LuasWatch_Watch_AppUITests.swift */,
				AB2FE6762A101DA600814E5F /* LuasWatch_Watch_AppUITestsLaunchTests.swift */,
			);
			path = "LuasWatch Watch AppUITests";
			sourceTree = "<group>";
		};
		AB2FE6852A102BD700814E5F /* Previews */ = {
			isa = PBXGroup;
			children = (
				AB2FE6892A102BD700814E5F /* PreviewsAppStartup.swift */,
				AB2FE68B2A102BD700814E5F /* PreviewsAppRunning.swift */,
				AB2FE68A2A102BD700814E5F /* PreviewsAppResult.swift */,
				AB2FE6862A102BD700814E5F /* PreviewsStationsModal.swift */,
				AB2FE6882A102BD700814E5F /* PreviewsTapOverlay.swift */,
				AB2FE6872A102BD700814E5F /* PreviewsData.swift */,
			);
			path = Previews;
			sourceTree = "<group>";
		};
		AB2FE68C2A102BD700814E5F /* Views */ = {
			isa = PBXGroup;
			children = (
				AB2FE6922A102BD700814E5F /* LuasView.swift */,
				AB2FE68E2A102BD700814E5F /* TrainsListView.swift */,
				AB2FE6902A102BD700814E5F /* ChangeStationButton.swift */,
				AB2FE68F2A102BD700814E5F /* HeaderView.swift */,
				AB2FE68D2A102BD700814E5F /* LoadingAnimationView.swift */,
				ABC94AAE2A50BB7E006D3E30 /* GrantLocationAuthView.swift */,
				AB2FE6912A102BD700814E5F /* TapOverlayView.swift */,
			);
			path = Views;
			sourceTree = "<group>";
		};
		AB364CF82308276C00C73EF6 = {
			isa = PBXGroup;
			children = (
				ABBD74822657CCFD00D003EE /* LuasKitIOSTests.xctestplan */,
				ABAFF5B424ED58A8004DB119 /* LuasPlayground.playground */,
				AB57F0DE230B3C1900BA8B53 /* LuasKit */,
				AB57F12F230B43AA00BA8B53 /* LuasKitIOSTests */,
				AB3E8BDB29E3078800F1AC7B /* LuasWatchiOS */,
				AB57F129230B432F00BA8B53 /* LuasKitIOS-Info.plist */,
				AB05D26F29E453D400F9EDDE /* LuasWatchAppIntent */,
				AB2FE6582A101DA500814E5F /* LuasWatch Watch App */,
				AB2FE6692A101DA600814E5F /* LuasWatch Watch AppTests */,
				AB2FE6732A101DA600814E5F /* LuasWatch Watch AppUITests */,
				AB8B513A2A10FCFC003B586B /* LuasWatchComplications */,
				AB364D002308276C00C73EF6 /* Products */,
				AB15B8772686815E005BF013 /* Frameworks */,
			);
			sourceTree = "<group>";
		};
		AB364D002308276C00C73EF6 /* Products */ = {
			isa = PBXGroup;
			children = (
				AB57F0DD230B3C1900BA8B53 /* LuasKit.framework */,
				AB57F128230B432E00BA8B53 /* LuasKitIOS.framework */,
				AB57F12E230B43AA00BA8B53 /* LuasKitIOSTests.xctest */,
				AB3E8BDA29E3078800F1AC7B /* LuasWatchiOS.app */,
				AB05D26E29E453D400F9EDDE /* LuasWatchAppIntent.appex */,
				AB2FE6572A101DA500814E5F /* LuasWatch Watch App.app */,
				AB2FE6662A101DA600814E5F /* LuasWatch Watch AppTests.xctest */,
				AB2FE6702A101DA600814E5F /* LuasWatch Watch AppUITests.xctest */,
				AB8B51352A10FCFC003B586B /* LuasWatchComplicationsExtension.appex */,
			);
			name = Products;
			sourceTree = "<group>";
		};
		AB3E8BDB29E3078800F1AC7B /* LuasWatchiOS */ = {
			isa = PBXGroup;
			children = (
				AB6EF00929E4BC58008CDAD2 /* Info.plist */,
				AB3E8BDC29E3078800F1AC7B /* LuasWatchiOSApp.swift */,
				ABC4BE872A08462A005DFFAF /* Coordinator.swift */,
				ABC4BE902A085C1B005DFFAF /* Views */,
				ABC4BE8C2A085A9F005DFFAF /* Previews */,
				AB3E8BE029E3078900F1AC7B /* Assets.xcassets */,
				AB3E8BE229E3078900F1AC7B /* Preview Content */,
			);
			path = LuasWatchiOS;
			sourceTree = "<group>";
		};
		AB3E8BE229E3078900F1AC7B /* Preview Content */ = {
			isa = PBXGroup;
			children = (
				AB3E8BE329E3078900F1AC7B /* Preview Assets.xcassets */,
			);
			path = "Preview Content";
			sourceTree = "<group>";
		};
		AB57F0DE230B3C1900BA8B53 /* LuasKit */ = {
			isa = PBXGroup;
			children = (
				AB57F0DF230B3C1900BA8B53 /* LuasKit.h */,
				AB6BF95D29F5D21400CB4DAD /* Models */,
				ABC02D3629EB0DBA008E175C /* API */,
				AB364D382308281100C73EF6 /* AppState.swift */,
				AB364D392308281100C73EF6 /* Location.swift */,
				ABC4BE892A084981005DFFAF /* luasStops.json */,
				AB832B24232058BF005E1BB7 /* LuasStrings.swift */,
				ABFB67BE2359122800906CD6 /* LuasExtensions.swift */,
				AB55742723770C48007778DC /* Logging.swift */,
				AB22502924DF650700ADA854 /* MyUserDefaults.swift */,
				AB57F0E0230B3C1900BA8B53 /* Info.plist */,
			);
			path = LuasKit;
			sourceTree = "<group>";
		};
		AB57F12F230B43AA00BA8B53 /* LuasKitIOSTests */ = {
			isa = PBXGroup;
			children = (
				AB5EE5D729E45E5B00896798 /* TestDefinitions.swift */,
				AB5EE5D329E45A5300896798 /* ModelsTests.swift */,
				ABC25BF224DF676A00F51EB4 /* APITests.swift */,
				AB5EE5D529E45DCF00896798 /* SnapshotTests.swift */,
				ABC02D3929EB60D7008E175C /* ParserTests.swift */,
				AB57F132230B43AA00BA8B53 /* Info.plist */,
			);
			path = LuasKitIOSTests;
			sourceTree = "<group>";
		};
		AB6BF95D29F5D21400CB4DAD /* Models */ = {
			isa = PBXGroup;
			children = (
				AB6BF95129F5D0F500CB4DAD /* Route.swift */,
				AB6BF95329F5D10C00CB4DAD /* Train.swift */,
				AB6BF95529F5D13300CB4DAD /* TrainStation.swift */,
				AB6BF95A29F5D15E00CB4DAD /* TrainStations.swift */,
				ABE5585924E944C1008F3789 /* Direction.swift */,
				AB364D342308281000C73EF6 /* TrainsByDirection.swift */,
			);
			path = Models;
			sourceTree = "<group>";
		};
		AB8B513A2A10FCFC003B586B /* LuasWatchComplications */ = {
			isa = PBXGroup;
			children = (
				AB8B513B2A10FCFC003B586B /* LuasWatchComplications.swift */,
				AB8B513D2A10FCFC003B586B /* Assets.xcassets */,
				AB8B513F2A10FCFC003B586B /* Info.plist */,
			);
			path = LuasWatchComplications;
			sourceTree = "<group>";
		};
		ABC02D3629EB0DBA008E175C /* API */ = {
			isa = PBXGroup;
			children = (
				AB50E3CA250D394800BFA30F /* API.swift */,
				ABF215EA29EA1CBA00B1A77F /* LuasMockAPI.swift */,
				AB50E3CC250D394800BFA30F /* APIParser.swift */,
				AB50E3CB250D394800BFA30F /* Parser.swift */,
			);
			path = API;
			sourceTree = "<group>";
		};
		ABC4BE8C2A085A9F005DFFAF /* Previews */ = {
			isa = PBXGroup;
			children = (
				ABC4BE9B2A085E39005DFFAF /* PreviewsAppRunning.swift */,
				ABC4BE8D2A085A9F005DFFAF /* PreviewsAppResult.swift */,
				ABC4BE952A085C61005DFFAF /* PreviewsAppStartup.swift */,
				AB33DB4D2A2543430059E134 /* PreviewsButtons.swift */,
			);
			path = Previews;
			sourceTree = "<group>";
		};
		ABC4BE902A085C1B005DFFAF /* Views */ = {
			isa = PBXGroup;
			children = (
				ABC4BE922A085C1B005DFFAF /* LuasView.swift */,
				ABC4BE992A085D11005DFFAF /* TrainsListView.swift */,
				AB33DB4B2A253E0E0059E134 /* ChangeStationButton.swift */,
				AB33DB4F2A2545790059E134 /* Buttons.swift */,
				ABC4BE972A085D0C005DFFAF /* HeaderView.swift */,
				ABC4BE912A085C1B005DFFAF /* LoadingAnimationView.swift */,
			);
			path = Views;
			sourceTree = "<group>";
		};
/* End PBXGroup section */

/* Begin PBXHeadersBuildPhase section */
		AB57F0D8230B3C1900BA8B53 /* Headers */ = {
			isa = PBXHeadersBuildPhase;
			buildActionMask = 2147483647;
			files = (
				AB57F0E1230B3C1900BA8B53 /* LuasKit.h in Headers */,
			);
			runOnlyForDeploymentPostprocessing = 0;
		};
		AB57F11C230B432E00BA8B53 /* Headers */ = {
			isa = PBXHeadersBuildPhase;
			buildActionMask = 2147483647;
			files = (
				AB57F11D230B432E00BA8B53 /* LuasKit.h in Headers */,
			);
			runOnlyForDeploymentPostprocessing = 0;
		};
/* End PBXHeadersBuildPhase section */

/* Begin PBXNativeTarget section */
		AB05D26D29E453D400F9EDDE /* LuasWatchAppIntent */ = {
			isa = PBXNativeTarget;
			buildConfigurationList = AB05D27B29E453D400F9EDDE /* Build configuration list for PBXNativeTarget "LuasWatchAppIntent" */;
			buildPhases = (
				AB05D26A29E453D400F9EDDE /* Sources */,
				AB05D26B29E453D400F9EDDE /* Frameworks */,
				AB05D26C29E453D400F9EDDE /* Resources */,
			);
			buildRules = (
			);
			dependencies = (
				AB60D6F02A103E2D007BACD9 /* PBXTargetDependency */,
			);
			name = LuasWatchAppIntent;
			productName = LuasWatchAppIntent;
			productReference = AB05D26E29E453D400F9EDDE /* LuasWatchAppIntent.appex */;
			productType = "com.apple.product-type.extensionkit-extension";
		};
		AB2FE6562A101DA500814E5F /* LuasWatch Watch App */ = {
			isa = PBXNativeTarget;
			buildConfigurationList = AB2FE6822A101DA600814E5F /* Build configuration list for PBXNativeTarget "LuasWatch Watch App" */;
			buildPhases = (
				AB2FE6532A101DA500814E5F /* Sources */,
				AB2FE6542A101DA500814E5F /* Frameworks */,
				AB2FE6552A101DA500814E5F /* Resources */,
				AB2FE6A72A102E6A00814E5F /* Embed Frameworks */,
				AB8B51422A10FCFC003B586B /* Embed Foundation Extensions */,
			);
			buildRules = (
			);
			dependencies = (
				AB2FE6A62A102E6A00814E5F /* PBXTargetDependency */,
				AB8B51412A10FCFC003B586B /* PBXTargetDependency */,
			);
			name = "LuasWatch Watch App";
			productName = "LuasWatch Watch App";
			productReference = AB2FE6572A101DA500814E5F /* LuasWatch Watch App.app */;
			productType = "com.apple.product-type.application";
		};
		AB2FE6652A101DA600814E5F /* LuasWatch Watch AppTests */ = {
			isa = PBXNativeTarget;
			buildConfigurationList = AB2FE6832A101DA600814E5F /* Build configuration list for PBXNativeTarget "LuasWatch Watch AppTests" */;
			buildPhases = (
				AB2FE6622A101DA600814E5F /* Sources */,
				AB2FE6632A101DA600814E5F /* Frameworks */,
				AB2FE6642A101DA600814E5F /* Resources */,
			);
			buildRules = (
			);
			dependencies = (
				AB2FE6682A101DA600814E5F /* PBXTargetDependency */,
			);
			name = "LuasWatch Watch AppTests";
			productName = "LuasWatch Watch AppTests";
			productReference = AB2FE6662A101DA600814E5F /* LuasWatch Watch AppTests.xctest */;
			productType = "com.apple.product-type.bundle.unit-test";
		};
		AB2FE66F2A101DA600814E5F /* LuasWatch Watch AppUITests */ = {
			isa = PBXNativeTarget;
			buildConfigurationList = AB2FE6842A101DA600814E5F /* Build configuration list for PBXNativeTarget "LuasWatch Watch AppUITests" */;
			buildPhases = (
				AB2FE66C2A101DA600814E5F /* Sources */,
				AB2FE66D2A101DA600814E5F /* Frameworks */,
				AB2FE66E2A101DA600814E5F /* Resources */,
			);
			buildRules = (
			);
			dependencies = (
				AB2FE6722A101DA600814E5F /* PBXTargetDependency */,
			);
			name = "LuasWatch Watch AppUITests";
			productName = "LuasWatch Watch AppUITests";
			productReference = AB2FE6702A101DA600814E5F /* LuasWatch Watch AppUITests.xctest */;
			productType = "com.apple.product-type.bundle.ui-testing";
		};
		AB3E8BD929E3078800F1AC7B /* LuasWatchiOS */ = {
			isa = PBXNativeTarget;
			buildConfigurationList = AB3E8BE729E3078900F1AC7B /* Build configuration list for PBXNativeTarget "LuasWatchiOS" */;
			buildPhases = (
				AB3E8BD629E3078800F1AC7B /* Sources */,
				AB3E8BD729E3078800F1AC7B /* Frameworks */,
				AB3E8BD829E3078800F1AC7B /* Resources */,
				AB05D27829E453D400F9EDDE /* Embed ExtensionKit Extensions */,
				AB2FE67B2A101DA600814E5F /* Embed Watch Content */,
				ABDACEC32A19645300A9FB63 /* Embed Frameworks */,
			);
			buildRules = (
			);
			dependencies = (
				AB05D27629E453D400F9EDDE /* PBXTargetDependency */,
				AB2FE6792A101DA600814E5F /* PBXTargetDependency */,
				ABDACEC22A19645300A9FB63 /* PBXTargetDependency */,
			);
			name = LuasWatchiOS;
			productName = LuasWatchiOS;
			productReference = AB3E8BDA29E3078800F1AC7B /* LuasWatchiOS.app */;
			productType = "com.apple.product-type.application";
		};
		AB57F0DC230B3C1900BA8B53 /* LuasKit */ = {
			isa = PBXNativeTarget;
			buildConfigurationList = AB57F0E9230B3C1900BA8B53 /* Build configuration list for PBXNativeTarget "LuasKit" */;
			buildPhases = (
				AB57F0D8230B3C1900BA8B53 /* Headers */,
				AB57F0D9230B3C1900BA8B53 /* Sources */,
				AB57F0DA230B3C1900BA8B53 /* Frameworks */,
				AB57F0DB230B3C1900BA8B53 /* Resources */,
			);
			buildRules = (
			);
			dependencies = (
			);
			name = LuasKit;
			productName = LuasKit;
			productReference = AB57F0DD230B3C1900BA8B53 /* LuasKit.framework */;
			productType = "com.apple.product-type.framework";
		};
		AB57F11B230B432E00BA8B53 /* LuasKitIOS */ = {
			isa = PBXNativeTarget;
			buildConfigurationList = AB57F125230B432E00BA8B53 /* Build configuration list for PBXNativeTarget "LuasKitIOS" */;
			buildPhases = (
				AB57F11C230B432E00BA8B53 /* Headers */,
				AB57F11E230B432E00BA8B53 /* Sources */,
				AB57F123230B432E00BA8B53 /* Frameworks */,
				AB57F124230B432E00BA8B53 /* Resources */,
			);
			buildRules = (
			);
			dependencies = (
			);
			name = LuasKitIOS;
			productName = LuasKit;
			productReference = AB57F128230B432E00BA8B53 /* LuasKitIOS.framework */;
			productType = "com.apple.product-type.framework";
		};
		AB57F12D230B43AA00BA8B53 /* LuasKitIOSTests */ = {
			isa = PBXNativeTarget;
			buildConfigurationList = AB57F136230B43AA00BA8B53 /* Build configuration list for PBXNativeTarget "LuasKitIOSTests" */;
			buildPhases = (
				AB57F12A230B43AA00BA8B53 /* Sources */,
				AB57F12B230B43AA00BA8B53 /* Frameworks */,
				AB57F12C230B43AA00BA8B53 /* Resources */,
			);
			buildRules = (
			);
			dependencies = (
				AB57F135230B43AA00BA8B53 /* PBXTargetDependency */,
			);
			name = LuasKitIOSTests;
			packageProductDependencies = (
			);
			productName = LuasKitIOSTests;
			productReference = AB57F12E230B43AA00BA8B53 /* LuasKitIOSTests.xctest */;
			productType = "com.apple.product-type.bundle.unit-test";
		};
		AB8B51342A10FCFC003B586B /* LuasWatchComplicationsExtension */ = {
			isa = PBXNativeTarget;
			buildConfigurationList = AB8B51442A10FCFC003B586B /* Build configuration list for PBXNativeTarget "LuasWatchComplicationsExtension" */;
			buildPhases = (
				AB8B51312A10FCFC003B586B /* Sources */,
				AB8B51322A10FCFC003B586B /* Frameworks */,
				AB8B51332A10FCFC003B586B /* Resources */,
			);
			buildRules = (
			);
			dependencies = (
			);
			name = LuasWatchComplicationsExtension;
			productName = LuasWatchComplicationsExtension;
			productReference = AB8B51352A10FCFC003B586B /* LuasWatchComplicationsExtension.appex */;
			productType = "com.apple.product-type.app-extension";
		};
/* End PBXNativeTarget section */

/* Begin PBXProject section */
		AB364CF92308276C00C73EF6 /* Project object */ = {
			isa = PBXProject;
			attributes = {
				BuildIndependentTargetsInParallel = YES;
				LastSwiftUpdateCheck = 1430;
				LastUpgradeCheck = 1430;
				ORGANIZATIONNAME = mApps.ie;
				TargetAttributes = {
					AB05D26D29E453D400F9EDDE = {
						CreatedOnToolsVersion = 14.3;
					};
					AB2FE6562A101DA500814E5F = {
						CreatedOnToolsVersion = 14.3;
					};
					AB2FE6652A101DA600814E5F = {
						CreatedOnToolsVersion = 14.3;
						TestTargetID = AB2FE6562A101DA500814E5F;
					};
					AB2FE66F2A101DA600814E5F = {
						CreatedOnToolsVersion = 14.3;
						TestTargetID = AB2FE6562A101DA500814E5F;
					};
					AB3E8BD929E3078800F1AC7B = {
						CreatedOnToolsVersion = 14.3;
					};
					AB57F0DC230B3C1900BA8B53 = {
						CreatedOnToolsVersion = 11.0;
					};
					AB57F12D230B43AA00BA8B53 = {
						CreatedOnToolsVersion = 11.0;
					};
					AB8B51342A10FCFC003B586B = {
						CreatedOnToolsVersion = 14.3;
					};
				};
			};
			buildConfigurationList = AB364CFC2308276C00C73EF6 /* Build configuration list for PBXProject "LuasWatch" */;
			compatibilityVersion = "Xcode 9.3";
			developmentRegion = en;
			hasScannedForEncodings = 0;
			knownRegions = (
				en,
				Base,
			);
			mainGroup = AB364CF82308276C00C73EF6;
			packageReferences = (
			);
			productRefGroup = AB364D002308276C00C73EF6 /* Products */;
			projectDirPath = "";
			projectRoot = "";
			targets = (
				AB57F0DC230B3C1900BA8B53 /* LuasKit */,
				AB57F11B230B432E00BA8B53 /* LuasKitIOS */,
				AB2FE6562A101DA500814E5F /* LuasWatch Watch App */,
				AB8B51342A10FCFC003B586B /* LuasWatchComplicationsExtension */,
				AB3E8BD929E3078800F1AC7B /* LuasWatchiOS */,
				AB05D26D29E453D400F9EDDE /* LuasWatchAppIntent */,
				AB57F12D230B43AA00BA8B53 /* LuasKitIOSTests */,
				AB2FE6652A101DA600814E5F /* LuasWatch Watch AppTests */,
				AB2FE66F2A101DA600814E5F /* LuasWatch Watch AppUITests */,
			);
		};
/* End PBXProject section */

/* Begin PBXResourcesBuildPhase section */
		AB05D26C29E453D400F9EDDE /* Resources */ = {
			isa = PBXResourcesBuildPhase;
			buildActionMask = 2147483647;
			files = (
				AB05D28229E4549E00F9EDDE /* JSON in Resources */,
			);
			runOnlyForDeploymentPostprocessing = 0;
		};
		AB2FE6552A101DA500814E5F /* Resources */ = {
			isa = PBXResourcesBuildPhase;
			buildActionMask = 2147483647;
			files = (
				AB2FE6612A101DA600814E5F /* Preview Assets.xcassets in Resources */,
				AB2FE65E2A101DA600814E5F /* Assets.xcassets in Resources */,
			);
			runOnlyForDeploymentPostprocessing = 0;
		};
		AB2FE6642A101DA600814E5F /* Resources */ = {
			isa = PBXResourcesBuildPhase;
			buildActionMask = 2147483647;
			files = (
			);
			runOnlyForDeploymentPostprocessing = 0;
		};
		AB2FE66E2A101DA600814E5F /* Resources */ = {
			isa = PBXResourcesBuildPhase;
			buildActionMask = 2147483647;
			files = (
			);
			runOnlyForDeploymentPostprocessing = 0;
		};
		AB3E8BD829E3078800F1AC7B /* Resources */ = {
			isa = PBXResourcesBuildPhase;
			buildActionMask = 2147483647;
			files = (
				AB3E8BE429E3078900F1AC7B /* Preview Assets.xcassets in Resources */,
				AB3E8BE129E3078900F1AC7B /* Assets.xcassets in Resources */,
			);
			runOnlyForDeploymentPostprocessing = 0;
		};
		AB57F0DB230B3C1900BA8B53 /* Resources */ = {
			isa = PBXResourcesBuildPhase;
			buildActionMask = 2147483647;
			files = (
				ABC4BE8A2A084981005DFFAF /* luasStops.json in Resources */,
			);
			runOnlyForDeploymentPostprocessing = 0;
		};
		AB57F124230B432E00BA8B53 /* Resources */ = {
			isa = PBXResourcesBuildPhase;
			buildActionMask = 2147483647;
			files = (
				ABC4BE8B2A084981005DFFAF /* luasStops.json in Resources */,
			);
			runOnlyForDeploymentPostprocessing = 0;
		};
		AB57F12C230B43AA00BA8B53 /* Resources */ = {
			isa = PBXResourcesBuildPhase;
			buildActionMask = 2147483647;
			files = (
			);
			runOnlyForDeploymentPostprocessing = 0;
		};
		AB8B51332A10FCFC003B586B /* Resources */ = {
			isa = PBXResourcesBuildPhase;
			buildActionMask = 2147483647;
			files = (
				AB8B513E2A10FCFC003B586B /* Assets.xcassets in Resources */,
			);
			runOnlyForDeploymentPostprocessing = 0;
		};
/* End PBXResourcesBuildPhase section */

/* Begin PBXSourcesBuildPhase section */
		AB05D26A29E453D400F9EDDE /* Sources */ = {
			isa = PBXSourcesBuildPhase;
			buildActionMask = 2147483647;
			files = (
				AB05D27329E453D400F9EDDE /* LuasWatchAppIntent.swift in Sources */,
				AB05D27129E453D400F9EDDE /* LuasWatchAppIntentExtension.swift in Sources */,
			);
			runOnlyForDeploymentPostprocessing = 0;
		};
		AB2FE6532A101DA500814E5F /* Sources */ = {
			isa = PBXSourcesBuildPhase;
			buildActionMask = 2147483647;
			files = (
				AB2FE6A22A102D1900814E5F /* Coordinator.swift in Sources */,
				ABC94AAF2A50BB7E006D3E30 /* GrantLocationAuthView.swift in Sources */,
				AB2FE69C2A102BD700814E5F /* ChangeStationButton.swift in Sources */,
				AB2FE69E2A102BD700814E5F /* LuasView.swift in Sources */,
				AB2FE6952A102BD700814E5F /* PreviewsTapOverlay.swift in Sources */,
				AB2FE6942A102BD700814E5F /* PreviewsData.swift in Sources */,
				AB2FE6982A102BD700814E5F /* PreviewsAppRunning.swift in Sources */,
				AB2FE69A2A102BD700814E5F /* TrainsListView.swift in Sources */,
				AB2FE6972A102BD700814E5F /* PreviewsAppResult.swift in Sources */,
				AB2FE6932A102BD700814E5F /* PreviewsStationsModal.swift in Sources */,
				AB2FE69B2A102BD700814E5F /* HeaderView.swift in Sources */,
				AB2FE69D2A102BD700814E5F /* TapOverlayView.swift in Sources */,
				AB2FE6992A102BD700814E5F /* LoadingAnimationView.swift in Sources */,
				AB2FE6962A102BD700814E5F /* PreviewsAppStartup.swift in Sources */,
				AB2FE65A2A101DA500814E5F /* LuasWatchApp.swift in Sources */,
			);
			runOnlyForDeploymentPostprocessing = 0;
		};
		AB2FE6622A101DA600814E5F /* Sources */ = {
			isa = PBXSourcesBuildPhase;
			buildActionMask = 2147483647;
			files = (
				AB2FE66B2A101DA600814E5F /* LuasWatch_Watch_AppTests.swift in Sources */,
			);
			runOnlyForDeploymentPostprocessing = 0;
		};
		AB2FE66C2A101DA600814E5F /* Sources */ = {
			isa = PBXSourcesBuildPhase;
			buildActionMask = 2147483647;
			files = (
				AB2FE6752A101DA600814E5F /* LuasWatch_Watch_AppUITests.swift in Sources */,
				AB2FE6772A101DA600814E5F /* LuasWatch_Watch_AppUITestsLaunchTests.swift in Sources */,
			);
			runOnlyForDeploymentPostprocessing = 0;
		};
		AB3E8BD629E3078800F1AC7B /* Sources */ = {
			isa = PBXSourcesBuildPhase;
			buildActionMask = 2147483647;
			files = (
				AB33DB4E2A2543430059E134 /* PreviewsButtons.swift in Sources */,
				ABC4BE932A085C1B005DFFAF /* LoadingAnimationView.swift in Sources */,
				ABC4BE942A085C1B005DFFAF /* LuasView.swift in Sources */,
				AB33DB502A2545790059E134 /* Buttons.swift in Sources */,
				AB3E8BDD29E3078800F1AC7B /* LuasWatchiOSApp.swift in Sources */,
				ABC4BE9C2A085E39005DFFAF /* PreviewsAppRunning.swift in Sources */,
				AB33DB4C2A253E0E0059E134 /* ChangeStationButton.swift in Sources */,
				ABC4BE882A08462A005DFFAF /* Coordinator.swift in Sources */,
				ABC4BE8E2A085A9F005DFFAF /* PreviewsAppResult.swift in Sources */,
				AB2FE6A92A1031BB00814E5F /* PreviewsData.swift in Sources */,
				ABC4BE9A2A085D11005DFFAF /* TrainsListView.swift in Sources */,
				ABC4BE962A085C61005DFFAF /* PreviewsAppStartup.swift in Sources */,
				ABC4BE982A085D0C005DFFAF /* HeaderView.swift in Sources */,
			);
			runOnlyForDeploymentPostprocessing = 0;
		};
		AB57F0D9230B3C1900BA8B53 /* Sources */ = {
			isa = PBXSourcesBuildPhase;
			buildActionMask = 2147483647;
			files = (
				ABFB67BF2359122800906CD6 /* LuasExtensions.swift in Sources */,
				AB6BF95B29F5D15E00CB4DAD /* TrainStations.swift in Sources */,
				AB50E3CE250D394800BFA30F /* Parser.swift in Sources */,
				AB6BF95429F5D10C00CB4DAD /* Train.swift in Sources */,
				AB832B25232058BF005E1BB7 /* LuasStrings.swift in Sources */,
				AB57F0EB230B3C3F00BA8B53 /* Location.swift in Sources */,
				AB6BF95229F5D0F500CB4DAD /* Route.swift in Sources */,
				AB50E3CF250D394800BFA30F /* APIParser.swift in Sources */,
				ABF215EB29EA1CBA00B1A77F /* LuasMockAPI.swift in Sources */,
				AB50E3CD250D394800BFA30F /* API.swift in Sources */,
				AB55742823770C48007778DC /* Logging.swift in Sources */,
				AB22502A24DF650700ADA854 /* MyUserDefaults.swift in Sources */,
				AB6BF95629F5D13300CB4DAD /* TrainStation.swift in Sources */,
				AB57F0EA230B3C3F00BA8B53 /* TrainsByDirection.swift in Sources */,
				AB57F0ED230B3C8600BA8B53 /* AppState.swift in Sources */,
				ABE5585A24E944C1008F3789 /* Direction.swift in Sources */,
			);
			runOnlyForDeploymentPostprocessing = 0;
		};
		AB57F11E230B432E00BA8B53 /* Sources */ = {
			isa = PBXSourcesBuildPhase;
			buildActionMask = 2147483647;
			files = (
				ABF215EC29EA1D0E00B1A77F /* LuasMockAPI.swift in Sources */,
				AB6BF95C29F5D1DC00CB4DAD /* TrainStations.swift in Sources */,
				ABFB67C02359122800906CD6 /* LuasExtensions.swift in Sources */,
				AB6BF95829F5D14000CB4DAD /* Train.swift in Sources */,
				AB832B26232058BF005E1BB7 /* LuasStrings.swift in Sources */,
				AB57F11F230B432E00BA8B53 /* Location.swift in Sources */,
				AB6BF95729F5D13B00CB4DAD /* Route.swift in Sources */,
				AB2E18BD253C61580006F615 /* API.swift in Sources */,
				ABAED72824DF61AF006FE91C /* Logging.swift in Sources */,
				AB22502B24DF650D00ADA854 /* MyUserDefaults.swift in Sources */,
				AB2E18C3253C61600006F615 /* APIParser.swift in Sources */,
				AB2E18C9253C61690006F615 /* Parser.swift in Sources */,
				AB6BF95929F5D14400CB4DAD /* TrainStation.swift in Sources */,
				AB57F121230B432E00BA8B53 /* TrainsByDirection.swift in Sources */,
				AB57F122230B432E00BA8B53 /* AppState.swift in Sources */,
				ABE70E3624E95C0700CF0653 /* Direction.swift in Sources */,
			);
			runOnlyForDeploymentPostprocessing = 0;
		};
		AB57F12A230B43AA00BA8B53 /* Sources */ = {
			isa = PBXSourcesBuildPhase;
			buildActionMask = 2147483647;
			files = (
				AB5EE5D629E45DCF00896798 /* SnapshotTests.swift in Sources */,
				AB5EE5D429E45A5300896798 /* ModelsTests.swift in Sources */,
				ABC02D3A29EB60D7008E175C /* ParserTests.swift in Sources */,
				ABC25BF324DF676A00F51EB4 /* APITests.swift in Sources */,
				AB5EE5D829E45E5B00896798 /* TestDefinitions.swift in Sources */,
			);
			runOnlyForDeploymentPostprocessing = 0;
		};
		AB8B51312A10FCFC003B586B /* Sources */ = {
			isa = PBXSourcesBuildPhase;
			buildActionMask = 2147483647;
			files = (
				AB8B513C2A10FCFC003B586B /* LuasWatchComplications.swift in Sources */,
			);
			runOnlyForDeploymentPostprocessing = 0;
		};
/* End PBXSourcesBuildPhase section */

/* Begin PBXTargetDependency section */
		AB05D27629E453D400F9EDDE /* PBXTargetDependency */ = {
			isa = PBXTargetDependency;
			target = AB05D26D29E453D400F9EDDE /* LuasWatchAppIntent */;
			targetProxy = AB05D27529E453D400F9EDDE /* PBXContainerItemProxy */;
		};
		AB2FE6682A101DA600814E5F /* PBXTargetDependency */ = {
			isa = PBXTargetDependency;
			target = AB2FE6562A101DA500814E5F /* LuasWatch Watch App */;
			targetProxy = AB2FE6672A101DA600814E5F /* PBXContainerItemProxy */;
		};
		AB2FE6722A101DA600814E5F /* PBXTargetDependency */ = {
			isa = PBXTargetDependency;
			target = AB2FE6562A101DA500814E5F /* LuasWatch Watch App */;
			targetProxy = AB2FE6712A101DA600814E5F /* PBXContainerItemProxy */;
		};
		AB2FE6792A101DA600814E5F /* PBXTargetDependency */ = {
			isa = PBXTargetDependency;
			target = AB2FE6562A101DA500814E5F /* LuasWatch Watch App */;
			targetProxy = AB2FE6782A101DA600814E5F /* PBXContainerItemProxy */;
		};
		AB2FE6A62A102E6A00814E5F /* PBXTargetDependency */ = {
			isa = PBXTargetDependency;
			target = AB57F0DC230B3C1900BA8B53 /* LuasKit */;
			targetProxy = AB2FE6A52A102E6A00814E5F /* PBXContainerItemProxy */;
		};
		AB57F135230B43AA00BA8B53 /* PBXTargetDependency */ = {
			isa = PBXTargetDependency;
			target = AB57F11B230B432E00BA8B53 /* LuasKitIOS */;
			targetProxy = AB57F134230B43AA00BA8B53 /* PBXContainerItemProxy */;
		};
		AB60D6F02A103E2D007BACD9 /* PBXTargetDependency */ = {
			isa = PBXTargetDependency;
			target = AB57F11B230B432E00BA8B53 /* LuasKitIOS */;
			targetProxy = AB60D6EF2A103E2D007BACD9 /* PBXContainerItemProxy */;
		};
		AB8B51412A10FCFC003B586B /* PBXTargetDependency */ = {
			isa = PBXTargetDependency;
			target = AB8B51342A10FCFC003B586B /* LuasWatchComplicationsExtension */;
			targetProxy = AB8B51402A10FCFC003B586B /* PBXContainerItemProxy */;
		};
		ABDACEC22A19645300A9FB63 /* PBXTargetDependency */ = {
			isa = PBXTargetDependency;
			target = AB57F11B230B432E00BA8B53 /* LuasKitIOS */;
			targetProxy = ABDACEC12A19645300A9FB63 /* PBXContainerItemProxy */;
		};
/* End PBXTargetDependency section */

/* Begin XCBuildConfiguration section */
		AB05D27929E453D400F9EDDE /* Debug */ = {
			isa = XCBuildConfiguration;
			buildSettings = {
				CLANG_CXX_LANGUAGE_STANDARD = "gnu++20";
				CODE_SIGN_STYLE = Automatic;
				DEVELOPMENT_TEAM = 2H43Y8J8SC;
				GENERATE_INFOPLIST_FILE = YES;
				INFOPLIST_FILE = LuasWatchAppIntent/Info.plist;
				INFOPLIST_KEY_CFBundleDisplayName = LuasWatchAppIntent;
				INFOPLIST_KEY_NSHumanReadableCopyright = "Copyright © 2023 mApps.ie. All rights reserved.";
				IPHONEOS_DEPLOYMENT_TARGET = 16.4;
				LD_RUNPATH_SEARCH_PATHS = (
					"$(inherited)",
					"@executable_path/Frameworks",
					"@executable_path/../../Frameworks",
				);
				PRODUCT_BUNDLE_IDENTIFIER = ie.mapps.LuasWatch.LuasWatchAppIntent;
				PRODUCT_NAME = "$(TARGET_NAME)";
				SKIP_INSTALL = YES;
				SWIFT_EMIT_LOC_STRINGS = YES;
				SWIFT_VERSION = 5.0;
				TARGETED_DEVICE_FAMILY = "1,2";
			};
			name = Debug;
		};
		AB05D27A29E453D400F9EDDE /* Release */ = {
			isa = XCBuildConfiguration;
			buildSettings = {
				CLANG_CXX_LANGUAGE_STANDARD = "gnu++20";
				CODE_SIGN_STYLE = Automatic;
				DEVELOPMENT_TEAM = 2H43Y8J8SC;
				GENERATE_INFOPLIST_FILE = YES;
				INFOPLIST_FILE = LuasWatchAppIntent/Info.plist;
				INFOPLIST_KEY_CFBundleDisplayName = LuasWatchAppIntent;
				INFOPLIST_KEY_NSHumanReadableCopyright = "Copyright © 2023 mApps.ie. All rights reserved.";
				IPHONEOS_DEPLOYMENT_TARGET = 16.4;
				LD_RUNPATH_SEARCH_PATHS = (
					"$(inherited)",
					"@executable_path/Frameworks",
					"@executable_path/../../Frameworks",
				);
				PRODUCT_BUNDLE_IDENTIFIER = ie.mapps.LuasWatch.LuasWatchAppIntent;
				PRODUCT_NAME = "$(TARGET_NAME)";
				SKIP_INSTALL = YES;
				SWIFT_EMIT_LOC_STRINGS = YES;
				SWIFT_VERSION = 5.0;
				TARGETED_DEVICE_FAMILY = "1,2";
			};
			name = Release;
		};
		AB2FE67C2A101DA600814E5F /* Debug */ = {
			isa = XCBuildConfiguration;
			buildSettings = {
				ALWAYS_EMBED_SWIFT_STANDARD_LIBRARIES = YES;
				ASSETCATALOG_COMPILER_APPICON_NAME = AppIcon;
				ASSETCATALOG_COMPILER_GLOBAL_ACCENT_COLOR_NAME = AccentColor;
				ASSETCATALOG_COMPILER_INCLUDE_ALL_APPICON_ASSETS = NO;
				CLANG_CXX_LANGUAGE_STANDARD = "gnu++20";
				CODE_SIGN_STYLE = Automatic;
				DEVELOPMENT_ASSET_PATHS = "\"LuasWatch Watch App/Preview Content\"";
				DEVELOPMENT_TEAM = 2H43Y8J8SC;
				ENABLE_PREVIEWS = YES;
				GENERATE_INFOPLIST_FILE = YES;
				INFOPLIST_KEY_CFBundleDisplayName = LuasWatch;
				INFOPLIST_KEY_NSLocationAlwaysAndWhenInUseUsageDescription = "Location access allows the app to find the closest LUAS stop";
				INFOPLIST_KEY_NSLocationAlwaysUsageDescription = "Location access allows the app to find the closest LUAS stop";
				INFOPLIST_KEY_NSLocationUsageDescription = "Location access allows the app to find the closest LUAS stop";
				INFOPLIST_KEY_NSLocationWhenInUseUsageDescription = "Location access allows the app to find the closest LUAS stop";
				INFOPLIST_KEY_UISupportedInterfaceOrientations = "UIInterfaceOrientationPortrait UIInterfaceOrientationPortraitUpsideDown";
				INFOPLIST_KEY_WKCompanionAppBundleIdentifier = ie.mapps.LuasWatch;
				INFOPLIST_KEY_WKRunsIndependentlyOfCompanionApp = YES;
				LD_RUNPATH_SEARCH_PATHS = (
					"$(inherited)",
					"@executable_path/Frameworks",
				);
				PRODUCT_BUNDLE_IDENTIFIER = ie.mapps.LuasWatch.watchkitapp;
				PRODUCT_NAME = "$(TARGET_NAME)";
				SDKROOT = watchos;
				SKIP_INSTALL = YES;
				SWIFT_EMIT_LOC_STRINGS = YES;
				SWIFT_VERSION = 5.0;
				TARGETED_DEVICE_FAMILY = 4;
			};
			name = Debug;
		};
		AB2FE67D2A101DA600814E5F /* Release */ = {
			isa = XCBuildConfiguration;
			buildSettings = {
				ALWAYS_EMBED_SWIFT_STANDARD_LIBRARIES = YES;
				ASSETCATALOG_COMPILER_APPICON_NAME = AppIcon;
				ASSETCATALOG_COMPILER_GLOBAL_ACCENT_COLOR_NAME = AccentColor;
				ASSETCATALOG_COMPILER_INCLUDE_ALL_APPICON_ASSETS = NO;
				CLANG_CXX_LANGUAGE_STANDARD = "gnu++20";
				CODE_SIGN_STYLE = Automatic;
				DEVELOPMENT_ASSET_PATHS = "\"LuasWatch Watch App/Preview Content\"";
				DEVELOPMENT_TEAM = 2H43Y8J8SC;
				ENABLE_PREVIEWS = YES;
				GENERATE_INFOPLIST_FILE = YES;
				INFOPLIST_KEY_CFBundleDisplayName = LuasWatch;
				INFOPLIST_KEY_NSLocationAlwaysAndWhenInUseUsageDescription = "Location access allows the app to find the closest LUAS stop";
				INFOPLIST_KEY_NSLocationAlwaysUsageDescription = "Location access allows the app to find the closest LUAS stop";
				INFOPLIST_KEY_NSLocationUsageDescription = "Location access allows the app to find the closest LUAS stop";
				INFOPLIST_KEY_NSLocationWhenInUseUsageDescription = "Location access allows the app to find the closest LUAS stop";
				INFOPLIST_KEY_UISupportedInterfaceOrientations = "UIInterfaceOrientationPortrait UIInterfaceOrientationPortraitUpsideDown";
				INFOPLIST_KEY_WKCompanionAppBundleIdentifier = ie.mapps.LuasWatch;
				INFOPLIST_KEY_WKRunsIndependentlyOfCompanionApp = YES;
				LD_RUNPATH_SEARCH_PATHS = (
					"$(inherited)",
					"@executable_path/Frameworks",
				);
				PRODUCT_BUNDLE_IDENTIFIER = ie.mapps.LuasWatch.watchkitapp;
				PRODUCT_NAME = "$(TARGET_NAME)";
				SDKROOT = watchos;
				SKIP_INSTALL = YES;
				SWIFT_EMIT_LOC_STRINGS = YES;
				SWIFT_VERSION = 5.0;
				TARGETED_DEVICE_FAMILY = 4;
			};
			name = Release;
		};
		AB2FE67E2A101DA600814E5F /* Debug */ = {
			isa = XCBuildConfiguration;
			buildSettings = {
				ALWAYS_EMBED_SWIFT_STANDARD_LIBRARIES = YES;
				BUNDLE_LOADER = "$(TEST_HOST)";
				CLANG_CXX_LANGUAGE_STANDARD = "gnu++20";
				CODE_SIGN_STYLE = Automatic;
				CURRENT_PROJECT_VERSION = 107;
				DEVELOPMENT_TEAM = 2H43Y8J8SC;
				GENERATE_INFOPLIST_FILE = YES;
				MARKETING_VERSION = 1.0;
				PRODUCT_BUNDLE_IDENTIFIER = "ie.mapps.LuasWatch-Watch-AppTests";
				PRODUCT_NAME = "$(TARGET_NAME)";
				SDKROOT = watchos;
				SWIFT_EMIT_LOC_STRINGS = NO;
				SWIFT_VERSION = 5.0;
				TARGETED_DEVICE_FAMILY = 4;
				TEST_HOST = "$(BUILT_PRODUCTS_DIR)/LuasWatch Watch App.app/$(BUNDLE_EXECUTABLE_FOLDER_PATH)/LuasWatch Watch App";
				WATCHOS_DEPLOYMENT_TARGET = 9.4;
			};
			name = Debug;
		};
		AB2FE67F2A101DA600814E5F /* Release */ = {
			isa = XCBuildConfiguration;
			buildSettings = {
				ALWAYS_EMBED_SWIFT_STANDARD_LIBRARIES = YES;
				BUNDLE_LOADER = "$(TEST_HOST)";
				CLANG_CXX_LANGUAGE_STANDARD = "gnu++20";
				CODE_SIGN_STYLE = Automatic;
				CURRENT_PROJECT_VERSION = 107;
				DEVELOPMENT_TEAM = 2H43Y8J8SC;
				GENERATE_INFOPLIST_FILE = YES;
				MARKETING_VERSION = 1.0;
				PRODUCT_BUNDLE_IDENTIFIER = "ie.mapps.LuasWatch-Watch-AppTests";
				PRODUCT_NAME = "$(TARGET_NAME)";
				SDKROOT = watchos;
				SWIFT_EMIT_LOC_STRINGS = NO;
				SWIFT_VERSION = 5.0;
				TARGETED_DEVICE_FAMILY = 4;
				TEST_HOST = "$(BUILT_PRODUCTS_DIR)/LuasWatch Watch App.app/$(BUNDLE_EXECUTABLE_FOLDER_PATH)/LuasWatch Watch App";
				WATCHOS_DEPLOYMENT_TARGET = 9.4;
			};
			name = Release;
		};
		AB2FE6802A101DA600814E5F /* Debug */ = {
			isa = XCBuildConfiguration;
			buildSettings = {
				ALWAYS_EMBED_SWIFT_STANDARD_LIBRARIES = YES;
				CLANG_CXX_LANGUAGE_STANDARD = "gnu++20";
				CODE_SIGN_STYLE = Automatic;
				CURRENT_PROJECT_VERSION = 107;
				DEVELOPMENT_TEAM = 2H43Y8J8SC;
				GENERATE_INFOPLIST_FILE = YES;
				MARKETING_VERSION = 1.0;
				PRODUCT_BUNDLE_IDENTIFIER = "ie.mapps.LuasWatch-Watch-AppUITests";
				PRODUCT_NAME = "$(TARGET_NAME)";
				SDKROOT = watchos;
				SWIFT_EMIT_LOC_STRINGS = NO;
				SWIFT_VERSION = 5.0;
				TARGETED_DEVICE_FAMILY = 4;
				TEST_TARGET_NAME = "LuasWatch Watch App";
			};
			name = Debug;
		};
		AB2FE6812A101DA600814E5F /* Release */ = {
			isa = XCBuildConfiguration;
			buildSettings = {
				ALWAYS_EMBED_SWIFT_STANDARD_LIBRARIES = YES;
				CLANG_CXX_LANGUAGE_STANDARD = "gnu++20";
				CODE_SIGN_STYLE = Automatic;
				CURRENT_PROJECT_VERSION = 107;
				DEVELOPMENT_TEAM = 2H43Y8J8SC;
				GENERATE_INFOPLIST_FILE = YES;
				MARKETING_VERSION = 1.0;
				PRODUCT_BUNDLE_IDENTIFIER = "ie.mapps.LuasWatch-Watch-AppUITests";
				PRODUCT_NAME = "$(TARGET_NAME)";
				SDKROOT = watchos;
				SWIFT_EMIT_LOC_STRINGS = NO;
				SWIFT_VERSION = 5.0;
				TARGETED_DEVICE_FAMILY = 4;
				TEST_TARGET_NAME = "LuasWatch Watch App";
			};
			name = Release;
		};
		AB364D252308277100C73EF6 /* Debug */ = {
			isa = XCBuildConfiguration;
			buildSettings = {
				ALWAYS_SEARCH_USER_PATHS = NO;
				CLANG_ANALYZER_NONNULL = YES;
				CLANG_ANALYZER_NUMBER_OBJECT_CONVERSION = YES_AGGRESSIVE;
				CLANG_CXX_LANGUAGE_STANDARD = "gnu++14";
				CLANG_CXX_LIBRARY = "libc++";
				CLANG_ENABLE_MODULES = YES;
				CLANG_ENABLE_OBJC_ARC = YES;
				CLANG_ENABLE_OBJC_WEAK = YES;
				CLANG_WARN_BLOCK_CAPTURE_AUTORELEASING = YES;
				CLANG_WARN_BOOL_CONVERSION = YES;
				CLANG_WARN_COMMA = YES;
				CLANG_WARN_CONSTANT_CONVERSION = YES;
				CLANG_WARN_DEPRECATED_OBJC_IMPLEMENTATIONS = YES;
				CLANG_WARN_DIRECT_OBJC_ISA_USAGE = YES_ERROR;
				CLANG_WARN_DOCUMENTATION_COMMENTS = YES;
				CLANG_WARN_EMPTY_BODY = YES;
				CLANG_WARN_ENUM_CONVERSION = YES;
				CLANG_WARN_INFINITE_RECURSION = YES;
				CLANG_WARN_INT_CONVERSION = YES;
				CLANG_WARN_NON_LITERAL_NULL_CONVERSION = YES;
				CLANG_WARN_OBJC_IMPLICIT_RETAIN_SELF = YES;
				CLANG_WARN_OBJC_LITERAL_CONVERSION = YES;
				CLANG_WARN_OBJC_ROOT_CLASS = YES_ERROR;
				CLANG_WARN_QUOTED_INCLUDE_IN_FRAMEWORK_HEADER = YES;
				CLANG_WARN_RANGE_LOOP_ANALYSIS = YES;
				CLANG_WARN_STRICT_PROTOTYPES = YES;
				CLANG_WARN_SUSPICIOUS_MOVE = YES;
				CLANG_WARN_UNGUARDED_AVAILABILITY = YES_AGGRESSIVE;
				CLANG_WARN_UNREACHABLE_CODE = YES;
				CLANG_WARN__DUPLICATE_METHOD_MATCH = YES;
				COPY_PHASE_STRIP = NO;
				CURRENT_PROJECT_VERSION = 107;
				DEBUG_INFORMATION_FORMAT = dwarf;
				ENABLE_STRICT_OBJC_MSGSEND = YES;
				ENABLE_TESTABILITY = YES;
				GCC_C_LANGUAGE_STANDARD = gnu11;
				GCC_DYNAMIC_NO_PIC = NO;
				GCC_NO_COMMON_BLOCKS = YES;
				GCC_OPTIMIZATION_LEVEL = 0;
				GCC_PREPROCESSOR_DEFINITIONS = (
					"DEBUG=1",
					"$(inherited)",
				);
				GCC_WARN_64_TO_32_BIT_CONVERSION = YES;
				GCC_WARN_ABOUT_RETURN_TYPE = YES_ERROR;
				GCC_WARN_UNDECLARED_SELECTOR = YES;
				GCC_WARN_UNINITIALIZED_AUTOS = YES_AGGRESSIVE;
				GCC_WARN_UNUSED_FUNCTION = YES;
				GCC_WARN_UNUSED_VARIABLE = YES;
				IPHONEOS_DEPLOYMENT_TARGET = 15.0;
				MARKETING_VERSION = 2.0;
				MTL_ENABLE_DEBUG_INFO = INCLUDE_SOURCE;
				MTL_FAST_MATH = YES;
				ONLY_ACTIVE_ARCH = YES;
				SDKROOT = iphoneos;
				SWIFT_ACTIVE_COMPILATION_CONDITIONS = DEBUG;
				SWIFT_OPTIMIZATION_LEVEL = "-Onone";
				SWIFT_VERSION = 5.0;
				WATCHOS_DEPLOYMENT_TARGET = 9.4;
			};
			name = Debug;
		};
		AB364D262308277100C73EF6 /* Release */ = {
			isa = XCBuildConfiguration;
			buildSettings = {
				ALWAYS_SEARCH_USER_PATHS = NO;
				CLANG_ANALYZER_NONNULL = YES;
				CLANG_ANALYZER_NUMBER_OBJECT_CONVERSION = YES_AGGRESSIVE;
				CLANG_CXX_LANGUAGE_STANDARD = "gnu++14";
				CLANG_CXX_LIBRARY = "libc++";
				CLANG_ENABLE_MODULES = YES;
				CLANG_ENABLE_OBJC_ARC = YES;
				CLANG_ENABLE_OBJC_WEAK = YES;
				CLANG_WARN_BLOCK_CAPTURE_AUTORELEASING = YES;
				CLANG_WARN_BOOL_CONVERSION = YES;
				CLANG_WARN_COMMA = YES;
				CLANG_WARN_CONSTANT_CONVERSION = YES;
				CLANG_WARN_DEPRECATED_OBJC_IMPLEMENTATIONS = YES;
				CLANG_WARN_DIRECT_OBJC_ISA_USAGE = YES_ERROR;
				CLANG_WARN_DOCUMENTATION_COMMENTS = YES;
				CLANG_WARN_EMPTY_BODY = YES;
				CLANG_WARN_ENUM_CONVERSION = YES;
				CLANG_WARN_INFINITE_RECURSION = YES;
				CLANG_WARN_INT_CONVERSION = YES;
				CLANG_WARN_NON_LITERAL_NULL_CONVERSION = YES;
				CLANG_WARN_OBJC_IMPLICIT_RETAIN_SELF = YES;
				CLANG_WARN_OBJC_LITERAL_CONVERSION = YES;
				CLANG_WARN_OBJC_ROOT_CLASS = YES_ERROR;
				CLANG_WARN_QUOTED_INCLUDE_IN_FRAMEWORK_HEADER = YES;
				CLANG_WARN_RANGE_LOOP_ANALYSIS = YES;
				CLANG_WARN_STRICT_PROTOTYPES = YES;
				CLANG_WARN_SUSPICIOUS_MOVE = YES;
				CLANG_WARN_UNGUARDED_AVAILABILITY = YES_AGGRESSIVE;
				CLANG_WARN_UNREACHABLE_CODE = YES;
				CLANG_WARN__DUPLICATE_METHOD_MATCH = YES;
				COPY_PHASE_STRIP = NO;
				CURRENT_PROJECT_VERSION = 107;
				DEBUG_INFORMATION_FORMAT = "dwarf-with-dsym";
				ENABLE_NS_ASSERTIONS = NO;
				ENABLE_STRICT_OBJC_MSGSEND = YES;
				GCC_C_LANGUAGE_STANDARD = gnu11;
				GCC_NO_COMMON_BLOCKS = YES;
				GCC_WARN_64_TO_32_BIT_CONVERSION = YES;
				GCC_WARN_ABOUT_RETURN_TYPE = YES_ERROR;
				GCC_WARN_UNDECLARED_SELECTOR = YES;
				GCC_WARN_UNINITIALIZED_AUTOS = YES_AGGRESSIVE;
				GCC_WARN_UNUSED_FUNCTION = YES;
				GCC_WARN_UNUSED_VARIABLE = YES;
				IPHONEOS_DEPLOYMENT_TARGET = 15.0;
				MARKETING_VERSION = 2.0;
				MTL_ENABLE_DEBUG_INFO = NO;
				MTL_FAST_MATH = YES;
				SDKROOT = iphoneos;
				SWIFT_COMPILATION_MODE = wholemodule;
				SWIFT_OPTIMIZATION_LEVEL = "-O";
				SWIFT_VERSION = 5.0;
				VALIDATE_PRODUCT = YES;
				WATCHOS_DEPLOYMENT_TARGET = 9.4;
			};
			name = Release;
		};
		AB3E8BE529E3078900F1AC7B /* Debug */ = {
			isa = XCBuildConfiguration;
			buildSettings = {
				ALWAYS_EMBED_SWIFT_STANDARD_LIBRARIES = YES;
				ASSETCATALOG_COMPILER_APPICON_NAME = AppIcon;
				ASSETCATALOG_COMPILER_GLOBAL_ACCENT_COLOR_NAME = AccentColor;
				ASSETCATALOG_COMPILER_INCLUDE_ALL_APPICON_ASSETS = NO;
				CLANG_CXX_LANGUAGE_STANDARD = "gnu++20";
				CODE_SIGN_STYLE = Automatic;
				DEVELOPMENT_ASSET_PATHS = "\"LuasWatchiOS/Preview Content\"";
				DEVELOPMENT_TEAM = 2H43Y8J8SC;
				ENABLE_PREVIEWS = YES;
				GENERATE_INFOPLIST_FILE = YES;
				INFOPLIST_FILE = LuasWatchiOS/Info.plist;
				INFOPLIST_KEY_NSLocationAlwaysAndWhenInUseUsageDescription = "Location access allows the app to find the closest LUAS stop";
				INFOPLIST_KEY_NSLocationAlwaysUsageDescription = "Location access allows the app to find the closest LUAS stop";
				INFOPLIST_KEY_NSLocationWhenInUseUsageDescription = "Location access allows the app to find the closest LUAS stop";
				INFOPLIST_KEY_UIApplicationSceneManifest_Generation = YES;
				INFOPLIST_KEY_UIApplicationSupportsIndirectInputEvents = YES;
				INFOPLIST_KEY_UILaunchScreen_Generation = YES;
				INFOPLIST_KEY_UISupportedInterfaceOrientations_iPad = "UIInterfaceOrientationPortrait UIInterfaceOrientationPortraitUpsideDown UIInterfaceOrientationLandscapeLeft UIInterfaceOrientationLandscapeRight";
				INFOPLIST_KEY_UISupportedInterfaceOrientations_iPhone = "UIInterfaceOrientationPortrait UIInterfaceOrientationLandscapeLeft UIInterfaceOrientationLandscapeRight";
				IPHONEOS_DEPLOYMENT_TARGET = 16.4;
				LD_RUNPATH_SEARCH_PATHS = (
					"$(inherited)",
					"@executable_path/Frameworks",
				);
				PRODUCT_BUNDLE_IDENTIFIER = ie.mapps.LuasWatch;
				PRODUCT_NAME = "$(TARGET_NAME)";
				SUPPORTED_PLATFORMS = "iphoneos iphonesimulator";
				SUPPORTS_MACCATALYST = NO;
				SUPPORTS_MAC_DESIGNED_FOR_IPHONE_IPAD = NO;
				SWIFT_EMIT_LOC_STRINGS = YES;
				SWIFT_VERSION = 5.0;
				TARGETED_DEVICE_FAMILY = "1,2";
			};
			name = Debug;
		};
		AB3E8BE629E3078900F1AC7B /* Release */ = {
			isa = XCBuildConfiguration;
			buildSettings = {
				ALWAYS_EMBED_SWIFT_STANDARD_LIBRARIES = YES;
				ASSETCATALOG_COMPILER_APPICON_NAME = AppIcon;
				ASSETCATALOG_COMPILER_GLOBAL_ACCENT_COLOR_NAME = AccentColor;
				ASSETCATALOG_COMPILER_INCLUDE_ALL_APPICON_ASSETS = NO;
				CLANG_CXX_LANGUAGE_STANDARD = "gnu++20";
				CODE_SIGN_STYLE = Automatic;
				DEVELOPMENT_ASSET_PATHS = "\"LuasWatchiOS/Preview Content\"";
				DEVELOPMENT_TEAM = 2H43Y8J8SC;
				ENABLE_PREVIEWS = YES;
				GENERATE_INFOPLIST_FILE = YES;
				INFOPLIST_FILE = LuasWatchiOS/Info.plist;
				INFOPLIST_KEY_NSLocationAlwaysAndWhenInUseUsageDescription = "Location access allows the app to find the closest LUAS stop";
				INFOPLIST_KEY_NSLocationAlwaysUsageDescription = "Location access allows the app to find the closest LUAS stop";
				INFOPLIST_KEY_NSLocationWhenInUseUsageDescription = "Location access allows the app to find the closest LUAS stop";
				INFOPLIST_KEY_UIApplicationSceneManifest_Generation = YES;
				INFOPLIST_KEY_UIApplicationSupportsIndirectInputEvents = YES;
				INFOPLIST_KEY_UILaunchScreen_Generation = YES;
				INFOPLIST_KEY_UISupportedInterfaceOrientations_iPad = "UIInterfaceOrientationPortrait UIInterfaceOrientationPortraitUpsideDown UIInterfaceOrientationLandscapeLeft UIInterfaceOrientationLandscapeRight";
				INFOPLIST_KEY_UISupportedInterfaceOrientations_iPhone = "UIInterfaceOrientationPortrait UIInterfaceOrientationLandscapeLeft UIInterfaceOrientationLandscapeRight";
				IPHONEOS_DEPLOYMENT_TARGET = 16.4;
				LD_RUNPATH_SEARCH_PATHS = (
					"$(inherited)",
					"@executable_path/Frameworks",
				);
				PRODUCT_BUNDLE_IDENTIFIER = ie.mapps.LuasWatch;
				PRODUCT_NAME = "$(TARGET_NAME)";
				SUPPORTED_PLATFORMS = "iphoneos iphonesimulator";
				SUPPORTS_MACCATALYST = NO;
				SUPPORTS_MAC_DESIGNED_FOR_IPHONE_IPAD = NO;
				SWIFT_EMIT_LOC_STRINGS = YES;
				SWIFT_VERSION = 5.0;
				TARGETED_DEVICE_FAMILY = "1,2";
			};
			name = Release;
		};
		AB57F0E7230B3C1900BA8B53 /* Debug */ = {
			isa = XCBuildConfiguration;
			buildSettings = {
				APPLICATION_EXTENSION_API_ONLY = YES;
				CODE_SIGN_IDENTITY = "";
				CODE_SIGN_STYLE = Automatic;
				CURRENT_PROJECT_VERSION = 107;
				DEFINES_MODULE = YES;
				DEVELOPMENT_TEAM = 2H43Y8J8SC;
				DYLIB_COMPATIBILITY_VERSION = 1;
				DYLIB_CURRENT_VERSION = 107;
				DYLIB_INSTALL_NAME_BASE = "@rpath";
				ENABLE_MODULE_VERIFIER = YES;
				INFOPLIST_FILE = LuasKit/Info.plist;
				INSTALL_PATH = "$(LOCAL_LIBRARY_DIR)/Frameworks";
				LD_RUNPATH_SEARCH_PATHS = (
					"$(inherited)",
					"@executable_path/Frameworks",
					"@loader_path/Frameworks",
				);
				MODULE_VERIFIER_SUPPORTED_LANGUAGES = "objective-c objective-c++";
				MODULE_VERIFIER_SUPPORTED_LANGUAGE_STANDARDS = "gnu11 gnu++14";
				PRODUCT_BUNDLE_IDENTIFIER = ie.mapps.LuasKit;
				PRODUCT_NAME = "$(TARGET_NAME:c99extidentifier)";
				SDKROOT = watchos;
				SKIP_INSTALL = YES;
				TARGETED_DEVICE_FAMILY = 4;
				VERSIONING_SYSTEM = "apple-generic";
				VERSION_INFO_PREFIX = "";
				WATCHOS_DEPLOYMENT_TARGET = 9.4;
			};
			name = Debug;
		};
		AB57F0E8230B3C1900BA8B53 /* Release */ = {
			isa = XCBuildConfiguration;
			buildSettings = {
				APPLICATION_EXTENSION_API_ONLY = YES;
				CODE_SIGN_IDENTITY = "";
				CODE_SIGN_STYLE = Automatic;
				CURRENT_PROJECT_VERSION = 107;
				DEFINES_MODULE = YES;
				DEVELOPMENT_TEAM = 2H43Y8J8SC;
				DYLIB_COMPATIBILITY_VERSION = 1;
				DYLIB_CURRENT_VERSION = 107;
				DYLIB_INSTALL_NAME_BASE = "@rpath";
				ENABLE_MODULE_VERIFIER = YES;
				INFOPLIST_FILE = LuasKit/Info.plist;
				INSTALL_PATH = "$(LOCAL_LIBRARY_DIR)/Frameworks";
				LD_RUNPATH_SEARCH_PATHS = (
					"$(inherited)",
					"@executable_path/Frameworks",
					"@loader_path/Frameworks",
				);
				MODULE_VERIFIER_SUPPORTED_LANGUAGES = "objective-c objective-c++";
				MODULE_VERIFIER_SUPPORTED_LANGUAGE_STANDARDS = "gnu11 gnu++14";
				PRODUCT_BUNDLE_IDENTIFIER = ie.mapps.LuasKit;
				PRODUCT_NAME = "$(TARGET_NAME:c99extidentifier)";
				SDKROOT = watchos;
				SKIP_INSTALL = YES;
				TARGETED_DEVICE_FAMILY = 4;
				VERSIONING_SYSTEM = "apple-generic";
				VERSION_INFO_PREFIX = "";
				WATCHOS_DEPLOYMENT_TARGET = 9.4;
			};
			name = Release;
		};
		AB57F126230B432E00BA8B53 /* Debug */ = {
			isa = XCBuildConfiguration;
			buildSettings = {
				APPLICATION_EXTENSION_API_ONLY = YES;
				CODE_SIGN_IDENTITY = "";
				CODE_SIGN_STYLE = Automatic;
				CURRENT_PROJECT_VERSION = 107;
				DEFINES_MODULE = YES;
				DEVELOPMENT_TEAM = 2H43Y8J8SC;
				DYLIB_COMPATIBILITY_VERSION = 1;
				DYLIB_CURRENT_VERSION = 107;
				DYLIB_INSTALL_NAME_BASE = "@rpath";
				ENABLE_MODULE_VERIFIER = YES;
				INFOPLIST_FILE = "LuasKitIOS-Info.plist";
				INSTALL_PATH = "$(LOCAL_LIBRARY_DIR)/Frameworks";
				LD_RUNPATH_SEARCH_PATHS = (
					"$(inherited)",
					"@executable_path/Frameworks",
					"@loader_path/Frameworks",
				);
				MODULE_VERIFIER_SUPPORTED_LANGUAGES = "objective-c objective-c++";
				MODULE_VERIFIER_SUPPORTED_LANGUAGE_STANDARDS = "gnu11 gnu++14";
				PRODUCT_BUNDLE_IDENTIFIER = ie.mapps.LuasKit;
				PRODUCT_NAME = "$(TARGET_NAME)";
				SKIP_INSTALL = YES;
				TARGETED_DEVICE_FAMILY = 1;
				VERSIONING_SYSTEM = "apple-generic";
				VERSION_INFO_PREFIX = "";
				WATCHOS_DEPLOYMENT_TARGET = 6.0;
			};
			name = Debug;
		};
		AB57F127230B432E00BA8B53 /* Release */ = {
			isa = XCBuildConfiguration;
			buildSettings = {
				APPLICATION_EXTENSION_API_ONLY = YES;
				CODE_SIGN_IDENTITY = "";
				CODE_SIGN_STYLE = Automatic;
				CURRENT_PROJECT_VERSION = 107;
				DEFINES_MODULE = YES;
				DEVELOPMENT_TEAM = 2H43Y8J8SC;
				DYLIB_COMPATIBILITY_VERSION = 1;
				DYLIB_CURRENT_VERSION = 107;
				DYLIB_INSTALL_NAME_BASE = "@rpath";
				ENABLE_MODULE_VERIFIER = YES;
				INFOPLIST_FILE = "LuasKitIOS-Info.plist";
				INSTALL_PATH = "$(LOCAL_LIBRARY_DIR)/Frameworks";
				LD_RUNPATH_SEARCH_PATHS = (
					"$(inherited)",
					"@executable_path/Frameworks",
					"@loader_path/Frameworks",
				);
				MODULE_VERIFIER_SUPPORTED_LANGUAGES = "objective-c objective-c++";
				MODULE_VERIFIER_SUPPORTED_LANGUAGE_STANDARDS = "gnu11 gnu++14";
				PRODUCT_BUNDLE_IDENTIFIER = ie.mapps.LuasKit;
				PRODUCT_NAME = "$(TARGET_NAME)";
				SKIP_INSTALL = YES;
				TARGETED_DEVICE_FAMILY = 1;
				VERSIONING_SYSTEM = "apple-generic";
				VERSION_INFO_PREFIX = "";
				WATCHOS_DEPLOYMENT_TARGET = 6.0;
			};
			name = Release;
		};
		AB57F137230B43AA00BA8B53 /* Debug */ = {
			isa = XCBuildConfiguration;
			buildSettings = {
				CODE_SIGN_STYLE = Automatic;
				DEVELOPMENT_TEAM = 2H43Y8J8SC;
				INFOPLIST_FILE = LuasKitIOSTests/Info.plist;
				LD_RUNPATH_SEARCH_PATHS = (
					"$(inherited)",
					"@executable_path/Frameworks",
					"@loader_path/Frameworks",
				);
				PRODUCT_BUNDLE_IDENTIFIER = ie.mapps.LuasKitIOSTests;
				PRODUCT_NAME = "$(TARGET_NAME)";
				TARGETED_DEVICE_FAMILY = "1,2";
			};
			name = Debug;
		};
		AB57F138230B43AA00BA8B53 /* Release */ = {
			isa = XCBuildConfiguration;
			buildSettings = {
				CODE_SIGN_STYLE = Automatic;
				DEVELOPMENT_TEAM = 2H43Y8J8SC;
				INFOPLIST_FILE = LuasKitIOSTests/Info.plist;
				LD_RUNPATH_SEARCH_PATHS = (
					"$(inherited)",
					"@executable_path/Frameworks",
					"@loader_path/Frameworks",
				);
				PRODUCT_BUNDLE_IDENTIFIER = ie.mapps.LuasKitIOSTests;
				PRODUCT_NAME = "$(TARGET_NAME)";
				TARGETED_DEVICE_FAMILY = "1,2";
			};
			name = Release;
		};
		AB8B51452A10FCFC003B586B /* Debug */ = {
			isa = XCBuildConfiguration;
			buildSettings = {
				ASSETCATALOG_COMPILER_GLOBAL_ACCENT_COLOR_NAME = AccentColor;
				ASSETCATALOG_COMPILER_WIDGET_BACKGROUND_COLOR_NAME = WidgetBackground;
				CLANG_CXX_LANGUAGE_STANDARD = "gnu++20";
				CODE_SIGN_STYLE = Automatic;
				DEVELOPMENT_TEAM = 2H43Y8J8SC;
				GENERATE_INFOPLIST_FILE = YES;
				INFOPLIST_FILE = LuasWatchComplications/Info.plist;
				INFOPLIST_KEY_CFBundleDisplayName = LuasWatchComplications;
				INFOPLIST_KEY_NSHumanReadableCopyright = "Copyright © 2023 mApps.ie. All rights reserved.";
				LD_RUNPATH_SEARCH_PATHS = (
					"$(inherited)",
					"@executable_path/Frameworks",
					"@executable_path/../../Frameworks",
					"@executable_path/../../../../Frameworks",
				);
				PRODUCT_BUNDLE_IDENTIFIER = ie.mapps.LuasWatch.watchkitapp.LuasWatchComplications;
				PRODUCT_NAME = "$(TARGET_NAME)";
				SDKROOT = watchos;
				SKIP_INSTALL = YES;
				SWIFT_EMIT_LOC_STRINGS = YES;
				SWIFT_VERSION = 5.0;
				TARGETED_DEVICE_FAMILY = 4;
			};
			name = Debug;
		};
		AB8B51462A10FCFC003B586B /* Release */ = {
			isa = XCBuildConfiguration;
			buildSettings = {
				ASSETCATALOG_COMPILER_GLOBAL_ACCENT_COLOR_NAME = AccentColor;
				ASSETCATALOG_COMPILER_WIDGET_BACKGROUND_COLOR_NAME = WidgetBackground;
				CLANG_CXX_LANGUAGE_STANDARD = "gnu++20";
				CODE_SIGN_STYLE = Automatic;
				DEVELOPMENT_TEAM = 2H43Y8J8SC;
				GENERATE_INFOPLIST_FILE = YES;
				INFOPLIST_FILE = LuasWatchComplications/Info.plist;
				INFOPLIST_KEY_CFBundleDisplayName = LuasWatchComplications;
				INFOPLIST_KEY_NSHumanReadableCopyright = "Copyright © 2023 mApps.ie. All rights reserved.";
				LD_RUNPATH_SEARCH_PATHS = (
					"$(inherited)",
					"@executable_path/Frameworks",
					"@executable_path/../../Frameworks",
					"@executable_path/../../../../Frameworks",
				);
				PRODUCT_BUNDLE_IDENTIFIER = ie.mapps.LuasWatch.watchkitapp.LuasWatchComplications;
				PRODUCT_NAME = "$(TARGET_NAME)";
				SDKROOT = watchos;
				SKIP_INSTALL = YES;
				SWIFT_EMIT_LOC_STRINGS = YES;
				SWIFT_VERSION = 5.0;
				TARGETED_DEVICE_FAMILY = 4;
			};
			name = Release;
		};
/* End XCBuildConfiguration section */

/* Begin XCConfigurationList section */
		AB05D27B29E453D400F9EDDE /* Build configuration list for PBXNativeTarget "LuasWatchAppIntent" */ = {
			isa = XCConfigurationList;
			buildConfigurations = (
				AB05D27929E453D400F9EDDE /* Debug */,
				AB05D27A29E453D400F9EDDE /* Release */,
			);
			defaultConfigurationIsVisible = 0;
			defaultConfigurationName = Release;
		};
		AB2FE6822A101DA600814E5F /* Build configuration list for PBXNativeTarget "LuasWatch Watch App" */ = {
			isa = XCConfigurationList;
			buildConfigurations = (
				AB2FE67C2A101DA600814E5F /* Debug */,
				AB2FE67D2A101DA600814E5F /* Release */,
			);
			defaultConfigurationIsVisible = 0;
			defaultConfigurationName = Release;
		};
		AB2FE6832A101DA600814E5F /* Build configuration list for PBXNativeTarget "LuasWatch Watch AppTests" */ = {
			isa = XCConfigurationList;
			buildConfigurations = (
				AB2FE67E2A101DA600814E5F /* Debug */,
				AB2FE67F2A101DA600814E5F /* Release */,
			);
			defaultConfigurationIsVisible = 0;
			defaultConfigurationName = Release;
		};
		AB2FE6842A101DA600814E5F /* Build configuration list for PBXNativeTarget "LuasWatch Watch AppUITests" */ = {
			isa = XCConfigurationList;
			buildConfigurations = (
				AB2FE6802A101DA600814E5F /* Debug */,
				AB2FE6812A101DA600814E5F /* Release */,
			);
			defaultConfigurationIsVisible = 0;
			defaultConfigurationName = Release;
		};
		AB364CFC2308276C00C73EF6 /* Build configuration list for PBXProject "LuasWatch" */ = {
			isa = XCConfigurationList;
			buildConfigurations = (
				AB364D252308277100C73EF6 /* Debug */,
				AB364D262308277100C73EF6 /* Release */,
			);
			defaultConfigurationIsVisible = 0;
			defaultConfigurationName = Release;
		};
		AB3E8BE729E3078900F1AC7B /* Build configuration list for PBXNativeTarget "LuasWatchiOS" */ = {
			isa = XCConfigurationList;
			buildConfigurations = (
				AB3E8BE529E3078900F1AC7B /* Debug */,
				AB3E8BE629E3078900F1AC7B /* Release */,
			);
			defaultConfigurationIsVisible = 0;
			defaultConfigurationName = Release;
		};
		AB57F0E9230B3C1900BA8B53 /* Build configuration list for PBXNativeTarget "LuasKit" */ = {
			isa = XCConfigurationList;
			buildConfigurations = (
				AB57F0E7230B3C1900BA8B53 /* Debug */,
				AB57F0E8230B3C1900BA8B53 /* Release */,
			);
			defaultConfigurationIsVisible = 0;
			defaultConfigurationName = Release;
		};
		AB57F125230B432E00BA8B53 /* Build configuration list for PBXNativeTarget "LuasKitIOS" */ = {
			isa = XCConfigurationList;
			buildConfigurations = (
				AB57F126230B432E00BA8B53 /* Debug */,
				AB57F127230B432E00BA8B53 /* Release */,
			);
			defaultConfigurationIsVisible = 0;
			defaultConfigurationName = Release;
		};
		AB57F136230B43AA00BA8B53 /* Build configuration list for PBXNativeTarget "LuasKitIOSTests" */ = {
			isa = XCConfigurationList;
			buildConfigurations = (
				AB57F137230B43AA00BA8B53 /* Debug */,
				AB57F138230B43AA00BA8B53 /* Release */,
			);
			defaultConfigurationIsVisible = 0;
			defaultConfigurationName = Release;
		};
		AB8B51442A10FCFC003B586B /* Build configuration list for PBXNativeTarget "LuasWatchComplicationsExtension" */ = {
			isa = XCConfigurationList;
			buildConfigurations = (
				AB8B51452A10FCFC003B586B /* Debug */,
				AB8B51462A10FCFC003B586B /* Release */,
			);
			defaultConfigurationIsVisible = 0;
			defaultConfigurationName = Release;
		};
/* End XCConfigurationList section */
	};
	rootObject = AB364CF92308276C00C73EF6 /* Project object */;
}
