// !$*UTF8*$!
{
	archiveVersion = 1;
	classes = {
	};
	objectVersion = 50;
	objects = {

/* Begin PBXBuildFile section */
		AB4945A622F8C4130018E9C8 /* Location.swift in Sources */ = {isa = PBXBuildFile; fileRef = AB4945A522F8C4130018E9C8 /* Location.swift */; };
		ABB16C6522F8E84A0079CDEA /* JSON in Resources */ = {isa = PBXBuildFile; fileRef = ABB16C6422F8E84A0079CDEA /* JSON */; };
		ABD31F9E2300315A0018B1F9 /* API.swift in Sources */ = {isa = PBXBuildFile; fileRef = ABD31F9D2300315A0018B1F9 /* API.swift */; };
		ABD31FA0230031780018B1F9 /* AppState.swift in Sources */ = {isa = PBXBuildFile; fileRef = ABD31F9F230031780018B1F9 /* AppState.swift */; };
		ABD31FA2230031A70018B1F9 /* Models.swift in Sources */ = {isa = PBXBuildFile; fileRef = ABD31FA1230031A70018B1F9 /* Models.swift */; };
		ABE27BCB22F789A20018C55E /* AppDelegate.swift in Sources */ = {isa = PBXBuildFile; fileRef = ABE27BCA22F789A20018C55E /* AppDelegate.swift */; };
		ABE27BCD22F789A20018C55E /* SceneDelegate.swift in Sources */ = {isa = PBXBuildFile; fileRef = ABE27BCC22F789A20018C55E /* SceneDelegate.swift */; };
		ABE27BD022F789A20018C55E /* Luas.xcdatamodeld in Sources */ = {isa = PBXBuildFile; fileRef = ABE27BCE22F789A20018C55E /* Luas.xcdatamodeld */; };
		ABE27BD222F789A20018C55E /* ContentView.swift in Sources */ = {isa = PBXBuildFile; fileRef = ABE27BD122F789A20018C55E /* ContentView.swift */; };
		ABE27BD422F789A30018C55E /* Assets.xcassets in Resources */ = {isa = PBXBuildFile; fileRef = ABE27BD322F789A30018C55E /* Assets.xcassets */; };
		ABE27BD722F789A30018C55E /* Preview Assets.xcassets in Resources */ = {isa = PBXBuildFile; fileRef = ABE27BD622F789A30018C55E /* Preview Assets.xcassets */; };
		ABE27BDA22F789A30018C55E /* LaunchScreen.storyboard in Resources */ = {isa = PBXBuildFile; fileRef = ABE27BD822F789A30018C55E /* LaunchScreen.storyboard */; };
		ABE27BE522F789A30018C55E /* LuasTests.swift in Sources */ = {isa = PBXBuildFile; fileRef = ABE27BE422F789A30018C55E /* LuasTests.swift */; };
		ABE27BF022F789A30018C55E /* LuasUITests.swift in Sources */ = {isa = PBXBuildFile; fileRef = ABE27BEF22F789A30018C55E /* LuasUITests.swift */; };
/* End PBXBuildFile section */

/* Begin PBXContainerItemProxy section */
		ABE27BE122F789A30018C55E /* PBXContainerItemProxy */ = {
			isa = PBXContainerItemProxy;
			containerPortal = ABE27BBF22F789A20018C55E /* Project object */;
			proxyType = 1;
			remoteGlobalIDString = ABE27BC622F789A20018C55E;
			remoteInfo = Luas;
		};
		ABE27BEC22F789A30018C55E /* PBXContainerItemProxy */ = {
			isa = PBXContainerItemProxy;
			containerPortal = ABE27BBF22F789A20018C55E /* Project object */;
			proxyType = 1;
			remoteGlobalIDString = ABE27BC622F789A20018C55E;
			remoteInfo = Luas;
		};
/* End PBXContainerItemProxy section */

/* Begin PBXFileReference section */
		AB4945A522F8C4130018E9C8 /* Location.swift */ = {isa = PBXFileReference; lastKnownFileType = sourcecode.swift; path = Location.swift; sourceTree = "<group>"; };
		AB5E416C23002B2F00F18648 /* Luas Playground.playground */ = {isa = PBXFileReference; lastKnownFileType = file.playground; path = "Luas Playground.playground"; sourceTree = SOURCE_ROOT; xcLanguageSpecificationIdentifier = xcode.lang.swift; };
		ABB16C6422F8E84A0079CDEA /* JSON */ = {isa = PBXFileReference; lastKnownFileType = folder; path = JSON; sourceTree = "<group>"; };
		ABD31F9D2300315A0018B1F9 /* API.swift */ = {isa = PBXFileReference; lastKnownFileType = sourcecode.swift; path = API.swift; sourceTree = "<group>"; };
		ABD31F9F230031780018B1F9 /* AppState.swift */ = {isa = PBXFileReference; lastKnownFileType = sourcecode.swift; path = AppState.swift; sourceTree = "<group>"; };
		ABD31FA1230031A70018B1F9 /* Models.swift */ = {isa = PBXFileReference; lastKnownFileType = sourcecode.swift; path = Models.swift; sourceTree = "<group>"; };
		ABE27BC722F789A20018C55E /* Luas.app */ = {isa = PBXFileReference; explicitFileType = wrapper.application; includeInIndex = 0; path = Luas.app; sourceTree = BUILT_PRODUCTS_DIR; };
		ABE27BCA22F789A20018C55E /* AppDelegate.swift */ = {isa = PBXFileReference; lastKnownFileType = sourcecode.swift; path = AppDelegate.swift; sourceTree = "<group>"; };
		ABE27BCC22F789A20018C55E /* SceneDelegate.swift */ = {isa = PBXFileReference; lastKnownFileType = sourcecode.swift; path = SceneDelegate.swift; sourceTree = "<group>"; };
		ABE27BCF22F789A20018C55E /* Luas.xcdatamodel */ = {isa = PBXFileReference; lastKnownFileType = wrapper.xcdatamodel; path = Luas.xcdatamodel; sourceTree = "<group>"; };
		ABE27BD122F789A20018C55E /* ContentView.swift */ = {isa = PBXFileReference; lastKnownFileType = sourcecode.swift; path = ContentView.swift; sourceTree = "<group>"; };
		ABE27BD322F789A30018C55E /* Assets.xcassets */ = {isa = PBXFileReference; lastKnownFileType = folder.assetcatalog; path = Assets.xcassets; sourceTree = "<group>"; };
		ABE27BD622F789A30018C55E /* Preview Assets.xcassets */ = {isa = PBXFileReference; lastKnownFileType = folder.assetcatalog; path = "Preview Assets.xcassets"; sourceTree = "<group>"; };
		ABE27BD922F789A30018C55E /* Base */ = {isa = PBXFileReference; lastKnownFileType = file.storyboard; name = Base; path = Base.lproj/LaunchScreen.storyboard; sourceTree = "<group>"; };
		ABE27BDB22F789A30018C55E /* Info.plist */ = {isa = PBXFileReference; lastKnownFileType = text.plist.xml; path = Info.plist; sourceTree = "<group>"; };
		ABE27BE022F789A30018C55E /* LuasTests.xctest */ = {isa = PBXFileReference; explicitFileType = wrapper.cfbundle; includeInIndex = 0; path = LuasTests.xctest; sourceTree = BUILT_PRODUCTS_DIR; };
		ABE27BE422F789A30018C55E /* LuasTests.swift */ = {isa = PBXFileReference; lastKnownFileType = sourcecode.swift; path = LuasTests.swift; sourceTree = "<group>"; };
		ABE27BE622F789A30018C55E /* Info.plist */ = {isa = PBXFileReference; lastKnownFileType = text.plist.xml; path = Info.plist; sourceTree = "<group>"; };
		ABE27BEB22F789A30018C55E /* LuasUITests.xctest */ = {isa = PBXFileReference; explicitFileType = wrapper.cfbundle; includeInIndex = 0; path = LuasUITests.xctest; sourceTree = BUILT_PRODUCTS_DIR; };
		ABE27BEF22F789A30018C55E /* LuasUITests.swift */ = {isa = PBXFileReference; lastKnownFileType = sourcecode.swift; path = LuasUITests.swift; sourceTree = "<group>"; };
		ABE27BF122F789A30018C55E /* Info.plist */ = {isa = PBXFileReference; lastKnownFileType = text.plist.xml; path = Info.plist; sourceTree = "<group>"; };
/* End PBXFileReference section */

/* Begin PBXFrameworksBuildPhase section */
		ABE27BC422F789A20018C55E /* Frameworks */ = {
			isa = PBXFrameworksBuildPhase;
			buildActionMask = 2147483647;
			files = (
			);
			runOnlyForDeploymentPostprocessing = 0;
		};
		ABE27BDD22F789A30018C55E /* Frameworks */ = {
			isa = PBXFrameworksBuildPhase;
			buildActionMask = 2147483647;
			files = (
			);
			runOnlyForDeploymentPostprocessing = 0;
		};
		ABE27BE822F789A30018C55E /* Frameworks */ = {
			isa = PBXFrameworksBuildPhase;
			buildActionMask = 2147483647;
			files = (
			);
			runOnlyForDeploymentPostprocessing = 0;
		};
/* End PBXFrameworksBuildPhase section */

/* Begin PBXGroup section */
		ABE27BBE22F789A20018C55E = {
			isa = PBXGroup;
			children = (
				ABE27BC922F789A20018C55E /* Luas */,
				ABE27BE322F789A30018C55E /* LuasTests */,
				ABE27BEE22F789A30018C55E /* LuasUITests */,
				ABE27BC822F789A20018C55E /* Products */,
			);
			sourceTree = "<group>";
		};
		ABE27BC822F789A20018C55E /* Products */ = {
			isa = PBXGroup;
			children = (
				ABE27BC722F789A20018C55E /* Luas.app */,
				ABE27BE022F789A30018C55E /* LuasTests.xctest */,
				ABE27BEB22F789A30018C55E /* LuasUITests.xctest */,
			);
			name = Products;
			sourceTree = "<group>";
		};
		ABE27BC922F789A20018C55E /* Luas */ = {
			isa = PBXGroup;
			children = (
				AB5E416C23002B2F00F18648 /* Luas Playground.playground */,
				ABE27BCA22F789A20018C55E /* AppDelegate.swift */,
				ABE27BCC22F789A20018C55E /* SceneDelegate.swift */,
				ABE27BD122F789A20018C55E /* ContentView.swift */,
				ABB16C6422F8E84A0079CDEA /* JSON */,
				AB4945A522F8C4130018E9C8 /* Location.swift */,
				ABD31F9D2300315A0018B1F9 /* API.swift */,
				ABD31F9F230031780018B1F9 /* AppState.swift */,
				ABD31FA1230031A70018B1F9 /* Models.swift */,
				ABE27BD322F789A30018C55E /* Assets.xcassets */,
				ABE27BD822F789A30018C55E /* LaunchScreen.storyboard */,
				ABE27BDB22F789A30018C55E /* Info.plist */,
				ABE27BCE22F789A20018C55E /* Luas.xcdatamodeld */,
				ABE27BD522F789A30018C55E /* Preview Content */,
			);
			path = Luas;
			sourceTree = "<group>";
		};
		ABE27BD522F789A30018C55E /* Preview Content */ = {
			isa = PBXGroup;
			children = (
				ABE27BD622F789A30018C55E /* Preview Assets.xcassets */,
			);
			path = "Preview Content";
			sourceTree = "<group>";
		};
		ABE27BE322F789A30018C55E /* LuasTests */ = {
			isa = PBXGroup;
			children = (
				ABE27BE422F789A30018C55E /* LuasTests.swift */,
				ABE27BE622F789A30018C55E /* Info.plist */,
			);
			path = LuasTests;
			sourceTree = "<group>";
		};
		ABE27BEE22F789A30018C55E /* LuasUITests */ = {
			isa = PBXGroup;
			children = (
				ABE27BEF22F789A30018C55E /* LuasUITests.swift */,
				ABE27BF122F789A30018C55E /* Info.plist */,
			);
			path = LuasUITests;
			sourceTree = "<group>";
		};
/* End PBXGroup section */

/* Begin PBXNativeTarget section */
		ABE27BC622F789A20018C55E /* Luas */ = {
			isa = PBXNativeTarget;
			buildConfigurationList = ABE27BF422F789A30018C55E /* Build configuration list for PBXNativeTarget "Luas" */;
			buildPhases = (
				ABE27BC322F789A20018C55E /* Sources */,
				ABE27BC422F789A20018C55E /* Frameworks */,
				ABE27BC522F789A20018C55E /* Resources */,
				ABBBCA5022FB760C008FDEB2 /* SwiftLint */,
			);
			buildRules = (
			);
			dependencies = (
			);
			name = Luas;
			productName = Luas;
			productReference = ABE27BC722F789A20018C55E /* Luas.app */;
			productType = "com.apple.product-type.application";
		};
		ABE27BDF22F789A30018C55E /* LuasTests */ = {
			isa = PBXNativeTarget;
			buildConfigurationList = ABE27BF722F789A30018C55E /* Build configuration list for PBXNativeTarget "LuasTests" */;
			buildPhases = (
				ABE27BDC22F789A30018C55E /* Sources */,
				ABE27BDD22F789A30018C55E /* Frameworks */,
				ABE27BDE22F789A30018C55E /* Resources */,
			);
			buildRules = (
			);
			dependencies = (
				ABE27BE222F789A30018C55E /* PBXTargetDependency */,
			);
			name = LuasTests;
			productName = LuasTests;
			productReference = ABE27BE022F789A30018C55E /* LuasTests.xctest */;
			productType = "com.apple.product-type.bundle.unit-test";
		};
		ABE27BEA22F789A30018C55E /* LuasUITests */ = {
			isa = PBXNativeTarget;
			buildConfigurationList = ABE27BFA22F789A30018C55E /* Build configuration list for PBXNativeTarget "LuasUITests" */;
			buildPhases = (
				ABE27BE722F789A30018C55E /* Sources */,
				ABE27BE822F789A30018C55E /* Frameworks */,
				ABE27BE922F789A30018C55E /* Resources */,
			);
			buildRules = (
			);
			dependencies = (
				ABE27BED22F789A30018C55E /* PBXTargetDependency */,
			);
			name = LuasUITests;
			productName = LuasUITests;
			productReference = ABE27BEB22F789A30018C55E /* LuasUITests.xctest */;
			productType = "com.apple.product-type.bundle.ui-testing";
		};
/* End PBXNativeTarget section */

/* Begin PBXProject section */
		ABE27BBF22F789A20018C55E /* Project object */ = {
			isa = PBXProject;
			attributes = {
				LastSwiftUpdateCheck = 1100;
				LastUpgradeCheck = 1100;
				ORGANIZATIONNAME = mApps.ie;
				TargetAttributes = {
					ABE27BC622F789A20018C55E = {
						CreatedOnToolsVersion = 11.0;
					};
					ABE27BDF22F789A30018C55E = {
						CreatedOnToolsVersion = 11.0;
						TestTargetID = ABE27BC622F789A20018C55E;
					};
					ABE27BEA22F789A30018C55E = {
						CreatedOnToolsVersion = 11.0;
						TestTargetID = ABE27BC622F789A20018C55E;
					};
				};
			};
			buildConfigurationList = ABE27BC222F789A20018C55E /* Build configuration list for PBXProject "Luas" */;
			compatibilityVersion = "Xcode 9.3";
			developmentRegion = en;
			hasScannedForEncodings = 0;
			knownRegions = (
				en,
				Base,
			);
			mainGroup = ABE27BBE22F789A20018C55E;
			productRefGroup = ABE27BC822F789A20018C55E /* Products */;
			projectDirPath = "";
			projectRoot = "";
			targets = (
				ABE27BC622F789A20018C55E /* Luas */,
				ABE27BDF22F789A30018C55E /* LuasTests */,
				ABE27BEA22F789A30018C55E /* LuasUITests */,
			);
		};
/* End PBXProject section */

/* Begin PBXResourcesBuildPhase section */
		ABE27BC522F789A20018C55E /* Resources */ = {
			isa = PBXResourcesBuildPhase;
			buildActionMask = 2147483647;
			files = (
				ABE27BDA22F789A30018C55E /* LaunchScreen.storyboard in Resources */,
				ABE27BD722F789A30018C55E /* Preview Assets.xcassets in Resources */,
				ABB16C6522F8E84A0079CDEA /* JSON in Resources */,
				ABE27BD422F789A30018C55E /* Assets.xcassets in Resources */,
			);
			runOnlyForDeploymentPostprocessing = 0;
		};
		ABE27BDE22F789A30018C55E /* Resources */ = {
			isa = PBXResourcesBuildPhase;
			buildActionMask = 2147483647;
			files = (
			);
			runOnlyForDeploymentPostprocessing = 0;
		};
		ABE27BE922F789A30018C55E /* Resources */ = {
			isa = PBXResourcesBuildPhase;
			buildActionMask = 2147483647;
			files = (
			);
			runOnlyForDeploymentPostprocessing = 0;
		};
/* End PBXResourcesBuildPhase section */

/* Begin PBXShellScriptBuildPhase section */
		ABBBCA5022FB760C008FDEB2 /* SwiftLint */ = {
			isa = PBXShellScriptBuildPhase;
			buildActionMask = 2147483647;
			files = (
			);
			inputFileListPaths = (
			);
			inputPaths = (
			);
			name = SwiftLint;
			outputFileListPaths = (
			);
			outputPaths = (
			);
			runOnlyForDeploymentPostprocessing = 0;
			shellPath = /bin/sh;
			shellScript = "if which swiftlint >/dev/null; then\n  swiftlint\nelse\n  echo \"warning: SwiftLint not installed, download from https://github.com/realm/SwiftLint\"\nfi\n";
			showEnvVarsInLog = 0;
		};
/* End PBXShellScriptBuildPhase section */

/* Begin PBXSourcesBuildPhase section */
		ABE27BC322F789A20018C55E /* Sources */ = {
			isa = PBXSourcesBuildPhase;
			buildActionMask = 2147483647;
			files = (
				ABE27BCB22F789A20018C55E /* AppDelegate.swift in Sources */,
				ABE27BCD22F789A20018C55E /* SceneDelegate.swift in Sources */,
				ABD31FA0230031780018B1F9 /* AppState.swift in Sources */,
				ABD31FA2230031A70018B1F9 /* Models.swift in Sources */,
				AB4945A622F8C4130018E9C8 /* Location.swift in Sources */,
				ABE27BD222F789A20018C55E /* ContentView.swift in Sources */,
				ABE27BD022F789A20018C55E /* Luas.xcdatamodeld in Sources */,
				ABD31F9E2300315A0018B1F9 /* API.swift in Sources */,
			);
			runOnlyForDeploymentPostprocessing = 0;
		};
		ABE27BDC22F789A30018C55E /* Sources */ = {
			isa = PBXSourcesBuildPhase;
			buildActionMask = 2147483647;
			files = (
				ABE27BE522F789A30018C55E /* LuasTests.swift in Sources */,
			);
			runOnlyForDeploymentPostprocessing = 0;
		};
		ABE27BE722F789A30018C55E /* Sources */ = {
			isa = PBXSourcesBuildPhase;
			buildActionMask = 2147483647;
			files = (
				ABE27BF022F789A30018C55E /* LuasUITests.swift in Sources */,
			);
			runOnlyForDeploymentPostprocessing = 0;
		};
/* End PBXSourcesBuildPhase section */

/* Begin PBXTargetDependency section */
		ABE27BE222F789A30018C55E /* PBXTargetDependency */ = {
			isa = PBXTargetDependency;
			target = ABE27BC622F789A20018C55E /* Luas */;
			targetProxy = ABE27BE122F789A30018C55E /* PBXContainerItemProxy */;
		};
		ABE27BED22F789A30018C55E /* PBXTargetDependency */ = {
			isa = PBXTargetDependency;
			target = ABE27BC622F789A20018C55E /* Luas */;
			targetProxy = ABE27BEC22F789A30018C55E /* PBXContainerItemProxy */;
		};
/* End PBXTargetDependency section */

/* Begin PBXVariantGroup section */
		ABE27BD822F789A30018C55E /* LaunchScreen.storyboard */ = {
			isa = PBXVariantGroup;
			children = (
				ABE27BD922F789A30018C55E /* Base */,
			);
			name = LaunchScreen.storyboard;
			sourceTree = "<group>";
		};
/* End PBXVariantGroup section */

/* Begin XCBuildConfiguration section */
		ABE27BF222F789A30018C55E /* Debug */ = {
			isa = XCBuildConfiguration;
			buildSettings = {
				ALWAYS_SEARCH_USER_PATHS = NO;
				CLANG_ANALYZER_NONNULL = YES;
				CLANG_ANALYZER_NUMBER_OBJECT_CONVERSION = YES_AGGRESSIVE;
				CLANG_CXX_LANGUAGE_STANDARD = "gnu++14";
				CLANG_CXX_LIBRARY = "libc++";
				CLANG_ENABLE_MODULES = YES;
				CLANG_ENABLE_OBJC_ARC = YES;
				CLANG_ENABLE_OBJC_WEAK = YES;
				CLANG_WARN_BLOCK_CAPTURE_AUTORELEASING = YES;
				CLANG_WARN_BOOL_CONVERSION = YES;
				CLANG_WARN_COMMA = YES;
				CLANG_WARN_CONSTANT_CONVERSION = YES;
				CLANG_WARN_DEPRECATED_OBJC_IMPLEMENTATIONS = YES;
				CLANG_WARN_DIRECT_OBJC_ISA_USAGE = YES_ERROR;
				CLANG_WARN_DOCUMENTATION_COMMENTS = YES;
				CLANG_WARN_EMPTY_BODY = YES;
				CLANG_WARN_ENUM_CONVERSION = YES;
				CLANG_WARN_INFINITE_RECURSION = YES;
				CLANG_WARN_INT_CONVERSION = YES;
				CLANG_WARN_NON_LITERAL_NULL_CONVERSION = YES;
				CLANG_WARN_OBJC_IMPLICIT_RETAIN_SELF = YES;
				CLANG_WARN_OBJC_LITERAL_CONVERSION = YES;
				CLANG_WARN_OBJC_ROOT_CLASS = YES_ERROR;
				CLANG_WARN_RANGE_LOOP_ANALYSIS = YES;
				CLANG_WARN_STRICT_PROTOTYPES = YES;
				CLANG_WARN_SUSPICIOUS_MOVE = YES;
				CLANG_WARN_UNGUARDED_AVAILABILITY = YES_AGGRESSIVE;
				CLANG_WARN_UNREACHABLE_CODE = YES;
				CLANG_WARN__DUPLICATE_METHOD_MATCH = YES;
				CODE_SIGN_IDENTITY = "iPhone Developer";
				COPY_PHASE_STRIP = NO;
				DEBUG_INFORMATION_FORMAT = dwarf;
				ENABLE_STRICT_OBJC_MSGSEND = YES;
				ENABLE_TESTABILITY = YES;
				GCC_C_LANGUAGE_STANDARD = gnu11;
				GCC_DYNAMIC_NO_PIC = NO;
				GCC_NO_COMMON_BLOCKS = YES;
				GCC_OPTIMIZATION_LEVEL = 0;
				GCC_PREPROCESSOR_DEFINITIONS = (
					"DEBUG=1",
					"$(inherited)",
				);
				GCC_WARN_64_TO_32_BIT_CONVERSION = YES;
				GCC_WARN_ABOUT_RETURN_TYPE = YES_ERROR;
				GCC_WARN_UNDECLARED_SELECTOR = YES;
				GCC_WARN_UNINITIALIZED_AUTOS = YES_AGGRESSIVE;
				GCC_WARN_UNUSED_FUNCTION = YES;
				GCC_WARN_UNUSED_VARIABLE = YES;
				IPHONEOS_DEPLOYMENT_TARGET = 13.0;
				MTL_ENABLE_DEBUG_INFO = INCLUDE_SOURCE;
				MTL_FAST_MATH = YES;
				ONLY_ACTIVE_ARCH = YES;
				SDKROOT = iphoneos;
				SWIFT_ACTIVE_COMPILATION_CONDITIONS = DEBUG;
				SWIFT_OPTIMIZATION_LEVEL = "-Onone";
			};
			name = Debug;
		};
		ABE27BF322F789A30018C55E /* Release */ = {
			isa = XCBuildConfiguration;
			buildSettings = {
				ALWAYS_SEARCH_USER_PATHS = NO;
				CLANG_ANALYZER_NONNULL = YES;
				CLANG_ANALYZER_NUMBER_OBJECT_CONVERSION = YES_AGGRESSIVE;
				CLANG_CXX_LANGUAGE_STANDARD = "gnu++14";
				CLANG_CXX_LIBRARY = "libc++";
				CLANG_ENABLE_MODULES = YES;
				CLANG_ENABLE_OBJC_ARC = YES;
				CLANG_ENABLE_OBJC_WEAK = YES;
				CLANG_WARN_BLOCK_CAPTURE_AUTORELEASING = YES;
				CLANG_WARN_BOOL_CONVERSION = YES;
				CLANG_WARN_COMMA = YES;
				CLANG_WARN_CONSTANT_CONVERSION = YES;
				CLANG_WARN_DEPRECATED_OBJC_IMPLEMENTATIONS = YES;
				CLANG_WARN_DIRECT_OBJC_ISA_USAGE = YES_ERROR;
				CLANG_WARN_DOCUMENTATION_COMMENTS = YES;
				CLANG_WARN_EMPTY_BODY = YES;
				CLANG_WARN_ENUM_CONVERSION = YES;
				CLANG_WARN_INFINITE_RECURSION = YES;
				CLANG_WARN_INT_CONVERSION = YES;
				CLANG_WARN_NON_LITERAL_NULL_CONVERSION = YES;
				CLANG_WARN_OBJC_IMPLICIT_RETAIN_SELF = YES;
				CLANG_WARN_OBJC_LITERAL_CONVERSION = YES;
				CLANG_WARN_OBJC_ROOT_CLASS = YES_ERROR;
				CLANG_WARN_RANGE_LOOP_ANALYSIS = YES;
				CLANG_WARN_STRICT_PROTOTYPES = YES;
				CLANG_WARN_SUSPICIOUS_MOVE = YES;
				CLANG_WARN_UNGUARDED_AVAILABILITY = YES_AGGRESSIVE;
				CLANG_WARN_UNREACHABLE_CODE = YES;
				CLANG_WARN__DUPLICATE_METHOD_MATCH = YES;
				CODE_SIGN_IDENTITY = "iPhone Developer";
				COPY_PHASE_STRIP = NO;
				DEBUG_INFORMATION_FORMAT = "dwarf-with-dsym";
				ENABLE_NS_ASSERTIONS = NO;
				ENABLE_STRICT_OBJC_MSGSEND = YES;
				GCC_C_LANGUAGE_STANDARD = gnu11;
				GCC_NO_COMMON_BLOCKS = YES;
				GCC_WARN_64_TO_32_BIT_CONVERSION = YES;
				GCC_WARN_ABOUT_RETURN_TYPE = YES_ERROR;
				GCC_WARN_UNDECLARED_SELECTOR = YES;
				GCC_WARN_UNINITIALIZED_AUTOS = YES_AGGRESSIVE;
				GCC_WARN_UNUSED_FUNCTION = YES;
				GCC_WARN_UNUSED_VARIABLE = YES;
				IPHONEOS_DEPLOYMENT_TARGET = 13.0;
				MTL_ENABLE_DEBUG_INFO = NO;
				MTL_FAST_MATH = YES;
				SDKROOT = iphoneos;
				SWIFT_COMPILATION_MODE = wholemodule;
				SWIFT_OPTIMIZATION_LEVEL = "-O";
				VALIDATE_PRODUCT = YES;
			};
			name = Release;
		};
		ABE27BF522F789A30018C55E /* Debug */ = {
			isa = XCBuildConfiguration;
			buildSettings = {
				ASSETCATALOG_COMPILER_APPICON_NAME = AppIcon;
				CODE_SIGN_STYLE = Automatic;
				DEVELOPMENT_ASSET_PATHS = "Luas/Preview\\ Content";
				DEVELOPMENT_TEAM = 2H43Y8J8SC;
				ENABLE_PREVIEWS = YES;
				INFOPLIST_FILE = Luas/Info.plist;
				LD_RUNPATH_SEARCH_PATHS = (
					"$(inherited)",
					"@executable_path/Frameworks",
				);
				PRODUCT_BUNDLE_IDENTIFIER = ie.mapps.Luas;
				PRODUCT_NAME = "$(TARGET_NAME)";
				SWIFT_VERSION = 5.0;
				TARGETED_DEVICE_FAMILY = "1,2";
			};
			name = Debug;
		};
		ABE27BF622F789A30018C55E /* Release */ = {
			isa = XCBuildConfiguration;
			buildSettings = {
				ASSETCATALOG_COMPILER_APPICON_NAME = AppIcon;
				CODE_SIGN_STYLE = Automatic;
				DEVELOPMENT_ASSET_PATHS = "Luas/Preview\\ Content";
				DEVELOPMENT_TEAM = 2H43Y8J8SC;
				ENABLE_PREVIEWS = YES;
				INFOPLIST_FILE = Luas/Info.plist;
				LD_RUNPATH_SEARCH_PATHS = (
					"$(inherited)",
					"@executable_path/Frameworks",
				);
				PRODUCT_BUNDLE_IDENTIFIER = ie.mapps.Luas;
				PRODUCT_NAME = "$(TARGET_NAME)";
				SWIFT_VERSION = 5.0;
				TARGETED_DEVICE_FAMILY = "1,2";
			};
			name = Release;
		};
		ABE27BF822F789A30018C55E /* Debug */ = {
			isa = XCBuildConfiguration;
			buildSettings = {
				ALWAYS_EMBED_SWIFT_STANDARD_LIBRARIES = YES;
				BUNDLE_LOADER = "$(TEST_HOST)";
				CODE_SIGN_STYLE = Automatic;
				DEVELOPMENT_TEAM = 2H43Y8J8SC;
				INFOPLIST_FILE = LuasTests/Info.plist;
				LD_RUNPATH_SEARCH_PATHS = (
					"$(inherited)",
					"@executable_path/Frameworks",
					"@loader_path/Frameworks",
				);
				PRODUCT_BUNDLE_IDENTIFIER = ie.mapps.LuasTests;
				PRODUCT_NAME = "$(TARGET_NAME)";
				SWIFT_VERSION = 5.0;
				TARGETED_DEVICE_FAMILY = "1,2";
				TEST_HOST = "$(BUILT_PRODUCTS_DIR)/Luas.app/Luas";
			};
			name = Debug;
		};
		ABE27BF922F789A30018C55E /* Release */ = {
			isa = XCBuildConfiguration;
			buildSettings = {
				ALWAYS_EMBED_SWIFT_STANDARD_LIBRARIES = YES;
				BUNDLE_LOADER = "$(TEST_HOST)";
				CODE_SIGN_STYLE = Automatic;
				DEVELOPMENT_TEAM = 2H43Y8J8SC;
				INFOPLIST_FILE = LuasTests/Info.plist;
				LD_RUNPATH_SEARCH_PATHS = (
					"$(inherited)",
					"@executable_path/Frameworks",
					"@loader_path/Frameworks",
				);
				PRODUCT_BUNDLE_IDENTIFIER = ie.mapps.LuasTests;
				PRODUCT_NAME = "$(TARGET_NAME)";
				SWIFT_VERSION = 5.0;
				TARGETED_DEVICE_FAMILY = "1,2";
				TEST_HOST = "$(BUILT_PRODUCTS_DIR)/Luas.app/Luas";
			};
			name = Release;
		};
		ABE27BFB22F789A30018C55E /* Debug */ = {
			isa = XCBuildConfiguration;
			buildSettings = {
				ALWAYS_EMBED_SWIFT_STANDARD_LIBRARIES = YES;
				CODE_SIGN_STYLE = Automatic;
				DEVELOPMENT_TEAM = 2H43Y8J8SC;
				INFOPLIST_FILE = LuasUITests/Info.plist;
				LD_RUNPATH_SEARCH_PATHS = (
					"$(inherited)",
					"@executable_path/Frameworks",
					"@loader_path/Frameworks",
				);
				PRODUCT_BUNDLE_IDENTIFIER = ie.mapps.LuasUITests;
				PRODUCT_NAME = "$(TARGET_NAME)";
				SWIFT_VERSION = 5.0;
				TARGETED_DEVICE_FAMILY = "1,2";
				TEST_TARGET_NAME = Luas;
			};
			name = Debug;
		};
		ABE27BFC22F789A30018C55E /* Release */ = {
			isa = XCBuildConfiguration;
			buildSettings = {
				ALWAYS_EMBED_SWIFT_STANDARD_LIBRARIES = YES;
				CODE_SIGN_STYLE = Automatic;
				DEVELOPMENT_TEAM = 2H43Y8J8SC;
				INFOPLIST_FILE = LuasUITests/Info.plist;
				LD_RUNPATH_SEARCH_PATHS = (
					"$(inherited)",
					"@executable_path/Frameworks",
					"@loader_path/Frameworks",
				);
				PRODUCT_BUNDLE_IDENTIFIER = ie.mapps.LuasUITests;
				PRODUCT_NAME = "$(TARGET_NAME)";
				SWIFT_VERSION = 5.0;
				TARGETED_DEVICE_FAMILY = "1,2";
				TEST_TARGET_NAME = Luas;
			};
			name = Release;
		};
/* End XCBuildConfiguration section */

/* Begin XCConfigurationList section */
		ABE27BC222F789A20018C55E /* Build configuration list for PBXProject "Luas" */ = {
			isa = XCConfigurationList;
			buildConfigurations = (
				ABE27BF222F789A30018C55E /* Debug */,
				ABE27BF322F789A30018C55E /* Release */,
			);
			defaultConfigurationIsVisible = 0;
			defaultConfigurationName = Release;
		};
		ABE27BF422F789A30018C55E /* Build configuration list for PBXNativeTarget "Luas" */ = {
			isa = XCConfigurationList;
			buildConfigurations = (
				ABE27BF522F789A30018C55E /* Debug */,
				ABE27BF622F789A30018C55E /* Release */,
			);
			defaultConfigurationIsVisible = 0;
			defaultConfigurationName = Release;
		};
		ABE27BF722F789A30018C55E /* Build configuration list for PBXNativeTarget "LuasTests" */ = {
			isa = XCConfigurationList;
			buildConfigurations = (
				ABE27BF822F789A30018C55E /* Debug */,
				ABE27BF922F789A30018C55E /* Release */,
			);
			defaultConfigurationIsVisible = 0;
			defaultConfigurationName = Release;
		};
		ABE27BFA22F789A30018C55E /* Build configuration list for PBXNativeTarget "LuasUITests" */ = {
			isa = XCConfigurationList;
			buildConfigurations = (
				ABE27BFB22F789A30018C55E /* Debug */,
				ABE27BFC22F789A30018C55E /* Release */,
			);
			defaultConfigurationIsVisible = 0;
			defaultConfigurationName = Release;
		};
/* End XCConfigurationList section */

/* Begin XCVersionGroup section */
		ABE27BCE22F789A20018C55E /* Luas.xcdatamodeld */ = {
			isa = XCVersionGroup;
			children = (
				ABE27BCF22F789A20018C55E /* Luas.xcdatamodel */,
			);
			currentVersion = ABE27BCF22F789A20018C55E /* Luas.xcdatamodel */;
			path = Luas.xcdatamodeld;
			sourceTree = "<group>";
			versionGroupType = wrapper.xcdatamodel;
		};
/* End XCVersionGroup section */
	};
	rootObject = ABE27BBF22F789A20018C55E /* Project object */;
}
